// !$*UTF8*$!
{
	archiveVersion = 1;
	classes = {
	};
	objectVersion = 46;
	objects = {

/* Begin PBXBuildFile section */
		3411B4CF1F5407A500D32A3F /* advanceCamControlVC.mm in Sources */ = {isa = PBXBuildFile; fileRef = 3411B4CE1F5407A500D32A3F /* advanceCamControlVC.mm */; };
		34C48C6C1F5269EB00000373 /* 5、从头开始，死磕一天 in Resources */ = {isa = PBXBuildFile; fileRef = 34C48C6B1F5269EB00000373 /* 5、从头开始，死磕一天 */; };
		56398327C09504B68053075F /* libPods-opencvioswxl.a in Frameworks */ = {isa = PBXBuildFile; fileRef = 6EF0E0E419CE713DC99358F8 /* libPods-opencvioswxl.a */; };
		AF30FC641F512655001F2425 /* videoFromCamVC.mm in Sources */ = {isa = PBXBuildFile; fileRef = AF30FC631F512655001F2425 /* videoFromCamVC.mm */; };
		AF4B41A61F5070350064287B /* 4、使用opencv相机 in Resources */ = {isa = PBXBuildFile; fileRef = AF4B41A51F5070350064287B /* 4、使用opencv相机 */; };
		AF4C59631F47DF93007F97F9 /* main.m in Sources */ = {isa = PBXBuildFile; fileRef = AF4C59621F47DF93007F97F9 /* main.m */; };
		AF4C59661F47DF93007F97F9 /* AppDelegate.m in Sources */ = {isa = PBXBuildFile; fileRef = AF4C59651F47DF93007F97F9 /* AppDelegate.m */; };
		AF4C59691F47DF93007F97F9 /* ViewController.mm in Sources */ = {isa = PBXBuildFile; fileRef = AF4C59681F47DF93007F97F9 /* ViewController.mm */; };
		AF4C596C1F47DF93007F97F9 /* Main.storyboard in Resources */ = {isa = PBXBuildFile; fileRef = AF4C596A1F47DF93007F97F9 /* Main.storyboard */; };
		AF4C596E1F47DF93007F97F9 /* Assets.xcassets in Resources */ = {isa = PBXBuildFile; fileRef = AF4C596D1F47DF93007F97F9 /* Assets.xcassets */; };
		AF4C59711F47DF93007F97F9 /* LaunchScreen.storyboard in Resources */ = {isa = PBXBuildFile; fileRef = AF4C596F1F47DF93007F97F9 /* LaunchScreen.storyboard */; };
		AF4C597C1F47DF93007F97F9 /* opencvioswxlTests.m in Sources */ = {isa = PBXBuildFile; fileRef = AF4C597B1F47DF93007F97F9 /* opencvioswxlTests.m */; };
		AF4C59871F47DF93007F97F9 /* opencvioswxlUITests.m in Sources */ = {isa = PBXBuildFile; fileRef = AF4C59861F47DF93007F97F9 /* opencvioswxlUITests.m */; };
		AF4C59971F47E39A007F97F9 /* 1、初始化项目 in Resources */ = {isa = PBXBuildFile; fileRef = AF4C59961F47E39A007F97F9 /* 1、初始化项目 */; };
		AF4C59991F47E3E1007F97F9 /* 2、编译C++库 in Resources */ = {isa = PBXBuildFile; fileRef = AF4C59981F47E3E1007F97F9 /* 2、编译C++库 */; };
		AF6435151F493459006A8725 /* opencviosinterface.mm in Sources */ = {isa = PBXBuildFile; fileRef = AF6435141F493459006A8725 /* opencviosinterface.mm */; };
		AF7C16EE1F4E629A00484C3D /* PostcardPrinter.cpp in Sources */ = {isa = PBXBuildFile; fileRef = AF7C16EC1F4E629A00484C3D /* PostcardPrinter.cpp */; };
		AF7C16F11F4E637300484C3D /* GalleryVC.mm in Sources */ = {isa = PBXBuildFile; fileRef = AF7C16F01F4E637300484C3D /* GalleryVC.mm */; };
		AF7C16F41F4E687200484C3D /* text.png in Resources */ = {isa = PBXBuildFile; fileRef = AF7C16F21F4E687200484C3D /* text.png */; };
		AF7C16F51F4E687200484C3D /* texture.jpg in Resources */ = {isa = PBXBuildFile; fileRef = AF7C16F31F4E687200484C3D /* texture.jpg */; };
		AF7C16F71F4EBF7500484C3D /* haarcascade_frontalface_alt2.xml in Resources */ = {isa = PBXBuildFile; fileRef = AF7C16F61F4EBF7500484C3D /* haarcascade_frontalface_alt2.xml */; };
		AF937E5B1F4FE6AD002B573A /* RetroFilter.cpp in Sources */ = {isa = PBXBuildFile; fileRef = AF937E591F4FE6AD002B573A /* RetroFilter.cpp */; };
		AF937E5E1F4FE6F4002B573A /* fuzzyBorder.png in Resources */ = {isa = PBXBuildFile; fileRef = AF937E5C1F4FE6F4002B573A /* fuzzyBorder.png */; };
		AF937E5F1F4FE6F4002B573A /* scratches.png in Resources */ = {isa = PBXBuildFile; fileRef = AF937E5D1F4FE6F4002B573A /* scratches.png */; };
		AF937E631F4FE737002B573A /* Default-568h@2x.png in Resources */ = {isa = PBXBuildFile; fileRef = AF937E601F4FE737002B573A /* Default-568h@2x.png */; };
		AF937E641F4FE737002B573A /* Default.png in Resources */ = {isa = PBXBuildFile; fileRef = AF937E611F4FE737002B573A /* Default.png */; };
		AF937E651F4FE737002B573A /* Default@2x.png in Resources */ = {isa = PBXBuildFile; fileRef = AF937E621F4FE737002B573A /* Default@2x.png */; };
		AF937E691F4FE7CA002B573A /* retroVC.mm in Sources */ = {isa = PBXBuildFile; fileRef = AF937E681F4FE7CA002B573A /* retroVC.mm */; };
		AF937E6C1F5007CE002B573A /* photoFromCamVC.mm in Sources */ = {isa = PBXBuildFile; fileRef = AF937E6B1F5007CE002B573A /* photoFromCamVC.mm */; };
		AFC54D7E1F4C020A00F9A407 /* cat.jpeg in Resources */ = {isa = PBXBuildFile; fileRef = AFC54D7D1F4C020A00F9A407 /* cat.jpeg */; };
		AFC54D841F4C145100F9A407 /* haarcascade_frontalface_alt.xml in Resources */ = {isa = PBXBuildFile; fileRef = AFC54D831F4C145100F9A407 /* haarcascade_frontalface_alt.xml */; };
		AFC54D861F4C148000F9A407 /* lena.png in Resources */ = {isa = PBXBuildFile; fileRef = AFC54D851F4C148000F9A407 /* lena.png */; };
		AFC54D881F4C189D00F9A407 /* meinv.jpg in Resources */ = {isa = PBXBuildFile; fileRef = AFC54D871F4C189D00F9A407 /* meinv.jpg */; };
		AFC54D8A1F4C1B3700F9A407 /* 3、脸部识别 in Resources */ = {isa = PBXBuildFile; fileRef = AFC54D891F4C1B3700F9A407 /* 3、脸部识别 */; };
		AFF487701F4BDB0600AC4A63 /* MMOpenCVHelper.mm in Sources */ = {isa = PBXBuildFile; fileRef = AFF4876F1F4BDB0600AC4A63 /* MMOpenCVHelper.mm */; };
		AFF487C51F4BDDC000AC4A63 /* UIColor+HexRepresentation.m in Sources */ = {isa = PBXBuildFile; fileRef = AFF487C01F4BDDC000AC4A63 /* UIColor+HexRepresentation.m */; };
		AFF487C61F4BDDC000AC4A63 /* UIImage+fixOrientation.m in Sources */ = {isa = PBXBuildFile; fileRef = AFF487C21F4BDDC000AC4A63 /* UIImage+fixOrientation.m */; };
		AFF487C71F4BDDC000AC4A63 /* UIImageView+ContentFrame.m in Sources */ = {isa = PBXBuildFile; fileRef = AFF487C41F4BDDC000AC4A63 /* UIImageView+ContentFrame.m */; };
		AFF487CC1F4BDE6000AC4A63 /* MMCropView.m in Sources */ = {isa = PBXBuildFile; fileRef = AFF487C91F4BDE6000AC4A63 /* MMCropView.m */; };
		AFF487CD1F4BDE6000AC4A63 /* MTGeometry.c in Sources */ = {isa = PBXBuildFile; fileRef = AFF487CA1F4BDE6000AC4A63 /* MTGeometry.c */; };
/* End PBXBuildFile section */

/* Begin PBXContainerItemProxy section */
		AF4C59781F47DF93007F97F9 /* PBXContainerItemProxy */ = {
			isa = PBXContainerItemProxy;
			containerPortal = AF4C59561F47DF93007F97F9 /* Project object */;
			proxyType = 1;
			remoteGlobalIDString = AF4C595D1F47DF93007F97F9;
			remoteInfo = opencvioswxl;
		};
		AF4C59831F47DF93007F97F9 /* PBXContainerItemProxy */ = {
			isa = PBXContainerItemProxy;
			containerPortal = AF4C59561F47DF93007F97F9 /* Project object */;
			proxyType = 1;
			remoteGlobalIDString = AF4C595D1F47DF93007F97F9;
			remoteInfo = opencvioswxl;
		};
/* End PBXContainerItemProxy section */

/* Begin PBXFileReference section */
		28A02051932DD99EB4F37BCA /* Pods-opencvioswxl.release.xcconfig */ = {isa = PBXFileReference; includeInIndex = 1; lastKnownFileType = text.xcconfig; name = "Pods-opencvioswxl.release.xcconfig"; path = "Pods/Target Support Files/Pods-opencvioswxl/Pods-opencvioswxl.release.xcconfig"; sourceTree = "<group>"; };
		3411B4CD1F5407A500D32A3F /* advanceCamControlVC.h */ = {isa = PBXFileReference; fileEncoding = 4; lastKnownFileType = sourcecode.c.h; path = advanceCamControlVC.h; sourceTree = "<group>"; };
		3411B4CE1F5407A500D32A3F /* advanceCamControlVC.mm */ = {isa = PBXFileReference; fileEncoding = 4; lastKnownFileType = sourcecode.cpp.objcpp; path = advanceCamControlVC.mm; sourceTree = "<group>"; };
		34C48C6B1F5269EB00000373 /* 5、从头开始，死磕一天 */ = {isa = PBXFileReference; fileEncoding = 4; lastKnownFileType = text; path = "5、从头开始，死磕一天"; sourceTree = "<group>"; };
		6EF0E0E419CE713DC99358F8 /* libPods-opencvioswxl.a */ = {isa = PBXFileReference; explicitFileType = archive.ar; includeInIndex = 0; path = "libPods-opencvioswxl.a"; sourceTree = BUILT_PRODUCTS_DIR; };
		AF30FC621F512655001F2425 /* videoFromCamVC.h */ = {isa = PBXFileReference; fileEncoding = 4; lastKnownFileType = sourcecode.c.h; path = videoFromCamVC.h; sourceTree = "<group>"; };
		AF30FC631F512655001F2425 /* videoFromCamVC.mm */ = {isa = PBXFileReference; fileEncoding = 4; lastKnownFileType = sourcecode.cpp.objcpp; path = videoFromCamVC.mm; sourceTree = "<group>"; };
		AF30FC651F513D78001F2425 /* CoreVideo.framework */ = {isa = PBXFileReference; lastKnownFileType = wrapper.framework; name = CoreVideo.framework; path = System/Library/Frameworks/CoreVideo.framework; sourceTree = SDKROOT; };
		AF30FC671F513D87001F2425 /* AssetsLibrary.framework */ = {isa = PBXFileReference; lastKnownFileType = wrapper.framework; name = AssetsLibrary.framework; path = System/Library/Frameworks/AssetsLibrary.framework; sourceTree = SDKROOT; };
		AF30FC691F513D95001F2425 /* CoreMedia.framework */ = {isa = PBXFileReference; lastKnownFileType = wrapper.framework; name = CoreMedia.framework; path = System/Library/Frameworks/CoreMedia.framework; sourceTree = SDKROOT; };
		AF4B41A51F5070350064287B /* 4、使用opencv相机 */ = {isa = PBXFileReference; fileEncoding = 4; lastKnownFileType = text; path = "4、使用opencv相机"; sourceTree = "<group>"; };
		AF4C595E1F47DF93007F97F9 /* opencvioswxl.app */ = {isa = PBXFileReference; explicitFileType = wrapper.application; includeInIndex = 0; path = opencvioswxl.app; sourceTree = BUILT_PRODUCTS_DIR; };
		AF4C59621F47DF93007F97F9 /* main.m */ = {isa = PBXFileReference; lastKnownFileType = sourcecode.c.objc; path = main.m; sourceTree = "<group>"; };
		AF4C59641F47DF93007F97F9 /* AppDelegate.h */ = {isa = PBXFileReference; lastKnownFileType = sourcecode.c.h; path = AppDelegate.h; sourceTree = "<group>"; };
		AF4C59651F47DF93007F97F9 /* AppDelegate.m */ = {isa = PBXFileReference; lastKnownFileType = sourcecode.c.objc; path = AppDelegate.m; sourceTree = "<group>"; };
		AF4C59671F47DF93007F97F9 /* ViewController.h */ = {isa = PBXFileReference; lastKnownFileType = sourcecode.c.h; path = ViewController.h; sourceTree = "<group>"; };
		AF4C59681F47DF93007F97F9 /* ViewController.mm */ = {isa = PBXFileReference; lastKnownFileType = sourcecode.cpp.objcpp; path = ViewController.mm; sourceTree = "<group>"; };
		AF4C596B1F47DF93007F97F9 /* Base */ = {isa = PBXFileReference; lastKnownFileType = file.storyboard; name = Base; path = Base.lproj/Main.storyboard; sourceTree = "<group>"; };
		AF4C596D1F47DF93007F97F9 /* Assets.xcassets */ = {isa = PBXFileReference; lastKnownFileType = folder.assetcatalog; path = Assets.xcassets; sourceTree = "<group>"; };
		AF4C59701F47DF93007F97F9 /* Base */ = {isa = PBXFileReference; lastKnownFileType = file.storyboard; name = Base; path = Base.lproj/LaunchScreen.storyboard; sourceTree = "<group>"; };
		AF4C59721F47DF93007F97F9 /* Info.plist */ = {isa = PBXFileReference; lastKnownFileType = text.plist.xml; path = Info.plist; sourceTree = "<group>"; };
		AF4C59771F47DF93007F97F9 /* opencvioswxlTests.xctest */ = {isa = PBXFileReference; explicitFileType = wrapper.cfbundle; includeInIndex = 0; path = opencvioswxlTests.xctest; sourceTree = BUILT_PRODUCTS_DIR; };
		AF4C597B1F47DF93007F97F9 /* opencvioswxlTests.m */ = {isa = PBXFileReference; lastKnownFileType = sourcecode.c.objc; path = opencvioswxlTests.m; sourceTree = "<group>"; };
		AF4C597D1F47DF93007F97F9 /* Info.plist */ = {isa = PBXFileReference; lastKnownFileType = text.plist.xml; path = Info.plist; sourceTree = "<group>"; };
		AF4C59821F47DF93007F97F9 /* opencvioswxlUITests.xctest */ = {isa = PBXFileReference; explicitFileType = wrapper.cfbundle; includeInIndex = 0; path = opencvioswxlUITests.xctest; sourceTree = BUILT_PRODUCTS_DIR; };
		AF4C59861F47DF93007F97F9 /* opencvioswxlUITests.m */ = {isa = PBXFileReference; lastKnownFileType = sourcecode.c.objc; path = opencvioswxlUITests.m; sourceTree = "<group>"; };
		AF4C59881F47DF93007F97F9 /* Info.plist */ = {isa = PBXFileReference; lastKnownFileType = text.plist.xml; path = Info.plist; sourceTree = "<group>"; };
		AF4C59941F47E0B1007F97F9 /* PrefixHeader.pch */ = {isa = PBXFileReference; lastKnownFileType = sourcecode.c.h; path = PrefixHeader.pch; sourceTree = "<group>"; };
		AF4C59961F47E39A007F97F9 /* 1、初始化项目 */ = {isa = PBXFileReference; fileEncoding = 4; lastKnownFileType = text; path = "1、初始化项目"; sourceTree = "<group>"; };
		AF4C59981F47E3E1007F97F9 /* 2、编译C++库 */ = {isa = PBXFileReference; fileEncoding = 4; lastKnownFileType = text; path = "2、编译C++库"; sourceTree = "<group>"; };
		AF6435131F493459006A8725 /* opencviosinterface.h */ = {isa = PBXFileReference; fileEncoding = 4; lastKnownFileType = sourcecode.c.h; path = opencviosinterface.h; sourceTree = "<group>"; };
		AF6435141F493459006A8725 /* opencviosinterface.mm */ = {isa = PBXFileReference; fileEncoding = 4; lastKnownFileType = sourcecode.cpp.objcpp; path = opencviosinterface.mm; sourceTree = "<group>"; };
		AF7C16EC1F4E629A00484C3D /* PostcardPrinter.cpp */ = {isa = PBXFileReference; fileEncoding = 4; lastKnownFileType = sourcecode.cpp.cpp; path = PostcardPrinter.cpp; sourceTree = "<group>"; };
		AF7C16ED1F4E629A00484C3D /* PostcardPrinter.hpp */ = {isa = PBXFileReference; fileEncoding = 4; lastKnownFileType = sourcecode.cpp.h; path = PostcardPrinter.hpp; sourceTree = "<group>"; };
		AF7C16EF1F4E637300484C3D /* GalleryVC.h */ = {isa = PBXFileReference; fileEncoding = 4; lastKnownFileType = sourcecode.c.h; path = GalleryVC.h; sourceTree = "<group>"; };
		AF7C16F01F4E637300484C3D /* GalleryVC.mm */ = {isa = PBXFileReference; fileEncoding = 4; lastKnownFileType = sourcecode.cpp.objcpp; path = GalleryVC.mm; sourceTree = "<group>"; };
		AF7C16F21F4E687200484C3D /* text.png */ = {isa = PBXFileReference; lastKnownFileType = image.png; path = text.png; sourceTree = "<group>"; };
		AF7C16F31F4E687200484C3D /* texture.jpg */ = {isa = PBXFileReference; lastKnownFileType = image.jpeg; path = texture.jpg; sourceTree = "<group>"; };
		AF7C16F61F4EBF7500484C3D /* haarcascade_frontalface_alt2.xml */ = {isa = PBXFileReference; fileEncoding = 4; lastKnownFileType = text.xml; path = haarcascade_frontalface_alt2.xml; sourceTree = "<group>"; };
		AF937E591F4FE6AD002B573A /* RetroFilter.cpp */ = {isa = PBXFileReference; fileEncoding = 4; lastKnownFileType = sourcecode.cpp.cpp; path = RetroFilter.cpp; sourceTree = "<group>"; };
		AF937E5A1F4FE6AD002B573A /* RetroFilter.hpp */ = {isa = PBXFileReference; fileEncoding = 4; lastKnownFileType = sourcecode.cpp.h; path = RetroFilter.hpp; sourceTree = "<group>"; };
		AF937E5C1F4FE6F4002B573A /* fuzzyBorder.png */ = {isa = PBXFileReference; lastKnownFileType = image.png; path = fuzzyBorder.png; sourceTree = "<group>"; };
		AF937E5D1F4FE6F4002B573A /* scratches.png */ = {isa = PBXFileReference; lastKnownFileType = image.png; path = scratches.png; sourceTree = "<group>"; };
		AF937E601F4FE737002B573A /* Default-568h@2x.png */ = {isa = PBXFileReference; lastKnownFileType = image.png; path = "Default-568h@2x.png"; sourceTree = "<group>"; };
		AF937E611F4FE737002B573A /* Default.png */ = {isa = PBXFileReference; lastKnownFileType = image.png; path = Default.png; sourceTree = "<group>"; };
		AF937E621F4FE737002B573A /* Default@2x.png */ = {isa = PBXFileReference; lastKnownFileType = image.png; path = "Default@2x.png"; sourceTree = "<group>"; };
		AF937E671F4FE7CA002B573A /* retroVC.h */ = {isa = PBXFileReference; fileEncoding = 4; lastKnownFileType = sourcecode.c.h; path = retroVC.h; sourceTree = "<group>"; };
		AF937E681F4FE7CA002B573A /* retroVC.mm */ = {isa = PBXFileReference; fileEncoding = 4; lastKnownFileType = sourcecode.cpp.objcpp; path = retroVC.mm; sourceTree = "<group>"; };
		AF937E6A1F5007CE002B573A /* photoFromCamVC.h */ = {isa = PBXFileReference; fileEncoding = 4; lastKnownFileType = sourcecode.c.h; path = photoFromCamVC.h; sourceTree = "<group>"; };
		AF937E6B1F5007CE002B573A /* photoFromCamVC.mm */ = {isa = PBXFileReference; fileEncoding = 4; lastKnownFileType = sourcecode.cpp.objcpp; path = photoFromCamVC.mm; sourceTree = "<group>"; };
		AFC54D7D1F4C020A00F9A407 /* cat.jpeg */ = {isa = PBXFileReference; lastKnownFileType = image.jpeg; path = cat.jpeg; sourceTree = "<group>"; };
		AFC54D831F4C145100F9A407 /* haarcascade_frontalface_alt.xml */ = {isa = PBXFileReference; fileEncoding = 4; lastKnownFileType = text.xml; path = haarcascade_frontalface_alt.xml; sourceTree = "<group>"; };
		AFC54D851F4C148000F9A407 /* lena.png */ = {isa = PBXFileReference; lastKnownFileType = image.png; path = lena.png; sourceTree = "<group>"; };
		AFC54D871F4C189D00F9A407 /* meinv.jpg */ = {isa = PBXFileReference; lastKnownFileType = image.jpeg; path = meinv.jpg; sourceTree = "<group>"; };
		AFC54D891F4C1B3700F9A407 /* 3、脸部识别 */ = {isa = PBXFileReference; fileEncoding = 4; lastKnownFileType = text; path = "3、脸部识别"; sourceTree = "<group>"; };
		AFF4876E1F4BDB0600AC4A63 /* MMOpenCVHelper.h */ = {isa = PBXFileReference; fileEncoding = 4; lastKnownFileType = sourcecode.c.h; path = MMOpenCVHelper.h; sourceTree = "<group>"; };
		AFF4876F1F4BDB0600AC4A63 /* MMOpenCVHelper.mm */ = {isa = PBXFileReference; fileEncoding = 4; lastKnownFileType = sourcecode.cpp.objcpp; path = MMOpenCVHelper.mm; sourceTree = "<group>"; };
		AFF487BF1F4BDDC000AC4A63 /* UIColor+HexRepresentation.h */ = {isa = PBXFileReference; fileEncoding = 4; lastKnownFileType = sourcecode.c.h; path = "UIColor+HexRepresentation.h"; sourceTree = "<group>"; };
		AFF487C01F4BDDC000AC4A63 /* UIColor+HexRepresentation.m */ = {isa = PBXFileReference; fileEncoding = 4; lastKnownFileType = sourcecode.c.objc; path = "UIColor+HexRepresentation.m"; sourceTree = "<group>"; };
		AFF487C11F4BDDC000AC4A63 /* UIImage+fixOrientation.h */ = {isa = PBXFileReference; fileEncoding = 4; lastKnownFileType = sourcecode.c.h; path = "UIImage+fixOrientation.h"; sourceTree = "<group>"; };
		AFF487C21F4BDDC000AC4A63 /* UIImage+fixOrientation.m */ = {isa = PBXFileReference; fileEncoding = 4; lastKnownFileType = sourcecode.c.objc; path = "UIImage+fixOrientation.m"; sourceTree = "<group>"; };
		AFF487C31F4BDDC000AC4A63 /* UIImageView+ContentFrame.h */ = {isa = PBXFileReference; fileEncoding = 4; lastKnownFileType = sourcecode.c.h; path = "UIImageView+ContentFrame.h"; sourceTree = "<group>"; };
		AFF487C41F4BDDC000AC4A63 /* UIImageView+ContentFrame.m */ = {isa = PBXFileReference; fileEncoding = 4; lastKnownFileType = sourcecode.c.objc; path = "UIImageView+ContentFrame.m"; sourceTree = "<group>"; };
		AFF487C81F4BDE6000AC4A63 /* MMCropView.h */ = {isa = PBXFileReference; fileEncoding = 4; lastKnownFileType = sourcecode.c.h; path = MMCropView.h; sourceTree = "<group>"; };
		AFF487C91F4BDE6000AC4A63 /* MMCropView.m */ = {isa = PBXFileReference; fileEncoding = 4; lastKnownFileType = sourcecode.c.objc; path = MMCropView.m; sourceTree = "<group>"; };
		AFF487CA1F4BDE6000AC4A63 /* MTGeometry.c */ = {isa = PBXFileReference; fileEncoding = 4; lastKnownFileType = sourcecode.c.c; path = MTGeometry.c; sourceTree = "<group>"; };
		AFF487CB1F4BDE6000AC4A63 /* MTGeometry.h */ = {isa = PBXFileReference; fileEncoding = 4; lastKnownFileType = sourcecode.c.h; path = MTGeometry.h; sourceTree = "<group>"; };
		E41A1175DF31519FA425E353 /* Pods-opencvioswxl.debug.xcconfig */ = {isa = PBXFileReference; includeInIndex = 1; lastKnownFileType = text.xcconfig; name = "Pods-opencvioswxl.debug.xcconfig"; path = "Pods/Target Support Files/Pods-opencvioswxl/Pods-opencvioswxl.debug.xcconfig"; sourceTree = "<group>"; };
/* End PBXFileReference section */

/* Begin PBXFrameworksBuildPhase section */
		AF4C595B1F47DF93007F97F9 /* Frameworks */ = {
			isa = PBXFrameworksBuildPhase;
			buildActionMask = 2147483647;
			files = (
				56398327C09504B68053075F /* libPods-opencvioswxl.a in Frameworks */,
			);
			runOnlyForDeploymentPostprocessing = 0;
		};
		AF4C59741F47DF93007F97F9 /* Frameworks */ = {
			isa = PBXFrameworksBuildPhase;
			buildActionMask = 2147483647;
			files = (
			);
			runOnlyForDeploymentPostprocessing = 0;
		};
		AF4C597F1F47DF93007F97F9 /* Frameworks */ = {
			isa = PBXFrameworksBuildPhase;
			buildActionMask = 2147483647;
			files = (
			);
			runOnlyForDeploymentPostprocessing = 0;
		};
/* End PBXFrameworksBuildPhase section */

/* Begin PBXGroup section */
		270C0002A6A7DE48CE5FDA3E /* Pods */ = {
			isa = PBXGroup;
			children = (
				E41A1175DF31519FA425E353 /* Pods-opencvioswxl.debug.xcconfig */,
				28A02051932DD99EB4F37BCA /* Pods-opencvioswxl.release.xcconfig */,
			);
			name = Pods;
			sourceTree = "<group>";
		};
		AF4C59551F47DF93007F97F9 = {
			isa = PBXGroup;
			children = (
				AF4C59601F47DF93007F97F9 /* opencvioswxl */,
				AF4C597A1F47DF93007F97F9 /* opencvioswxlTests */,
				AF4C59851F47DF93007F97F9 /* opencvioswxlUITests */,
				AF4C595F1F47DF93007F97F9 /* Products */,
				270C0002A6A7DE48CE5FDA3E /* Pods */,
				D9CE47F04B78FEC362F9578C /* Frameworks */,
			);
			sourceTree = "<group>";
		};
		AF4C595F1F47DF93007F97F9 /* Products */ = {
			isa = PBXGroup;
			children = (
				AF4C595E1F47DF93007F97F9 /* opencvioswxl.app */,
				AF4C59771F47DF93007F97F9 /* opencvioswxlTests.xctest */,
				AF4C59821F47DF93007F97F9 /* opencvioswxlUITests.xctest */,
			);
			name = Products;
			sourceTree = "<group>";
		};
		AF4C59601F47DF93007F97F9 /* opencvioswxl */ = {
			isa = PBXGroup;
			children = (
				AF4C59641F47DF93007F97F9 /* AppDelegate.h */,
				AF4C59651F47DF93007F97F9 /* AppDelegate.m */,
				AF937E661F4FE797002B573A /* VC */,
				AFF487BE1F4BDDC000AC4A63 /* UIImage Cat */,
				AF6435121F493403006A8725 /* opencviosinterface */,
				AF4C596A1F47DF93007F97F9 /* Main.storyboard */,
				AF4C596D1F47DF93007F97F9 /* Assets.xcassets */,
				AF4C596F1F47DF93007F97F9 /* LaunchScreen.storyboard */,
				AF4C59721F47DF93007F97F9 /* Info.plist */,
				AF4C59611F47DF93007F97F9 /* Supporting Files */,
			);
			path = opencvioswxl;
			sourceTree = "<group>";
		};
		AF4C59611F47DF93007F97F9 /* Supporting Files */ = {
			isa = PBXGroup;
			children = (
				AF4C59951F47E39A007F97F9 /* note */,
				AF4C59621F47DF93007F97F9 /* main.m */,
				AF937E601F4FE737002B573A /* Default-568h@2x.png */,
				AF937E611F4FE737002B573A /* Default.png */,
				AF937E621F4FE737002B573A /* Default@2x.png */,
				AF937E5C1F4FE6F4002B573A /* fuzzyBorder.png */,
				AF937E5D1F4FE6F4002B573A /* scratches.png */,
				AF7C16F21F4E687200484C3D /* text.png */,
				AF7C16F31F4E687200484C3D /* texture.jpg */,
				AFC54D7D1F4C020A00F9A407 /* cat.jpeg */,
				AFC54D851F4C148000F9A407 /* lena.png */,
				AFC54D871F4C189D00F9A407 /* meinv.jpg */,
				AF7C16F61F4EBF7500484C3D /* haarcascade_frontalface_alt2.xml */,
				AFC54D831F4C145100F9A407 /* haarcascade_frontalface_alt.xml */,
				AF4C59941F47E0B1007F97F9 /* PrefixHeader.pch */,
			);
			name = "Supporting Files";
			sourceTree = "<group>";
		};
		AF4C597A1F47DF93007F97F9 /* opencvioswxlTests */ = {
			isa = PBXGroup;
			children = (
				AF4C597B1F47DF93007F97F9 /* opencvioswxlTests.m */,
				AF4C597D1F47DF93007F97F9 /* Info.plist */,
			);
			path = opencvioswxlTests;
			sourceTree = "<group>";
		};
		AF4C59851F47DF93007F97F9 /* opencvioswxlUITests */ = {
			isa = PBXGroup;
			children = (
				AF4C59861F47DF93007F97F9 /* opencvioswxlUITests.m */,
				AF4C59881F47DF93007F97F9 /* Info.plist */,
			);
			path = opencvioswxlUITests;
			sourceTree = "<group>";
		};
		AF4C59951F47E39A007F97F9 /* note */ = {
			isa = PBXGroup;
			children = (
				AF4C59961F47E39A007F97F9 /* 1、初始化项目 */,
				AF4C59981F47E3E1007F97F9 /* 2、编译C++库 */,
				AFC54D891F4C1B3700F9A407 /* 3、脸部识别 */,
				AF4B41A51F5070350064287B /* 4、使用opencv相机 */,
				34C48C6B1F5269EB00000373 /* 5、从头开始，死磕一天 */,
			);
			path = note;
			sourceTree = "<group>";
		};
		AF6435121F493403006A8725 /* opencviosinterface */ = {
			isa = PBXGroup;
			children = (
				AF6435131F493459006A8725 /* opencviosinterface.h */,
				AF6435141F493459006A8725 /* opencviosinterface.mm */,
				AF7C16EC1F4E629A00484C3D /* PostcardPrinter.cpp */,
				AF7C16ED1F4E629A00484C3D /* PostcardPrinter.hpp */,
				AF937E591F4FE6AD002B573A /* RetroFilter.cpp */,
				AF937E5A1F4FE6AD002B573A /* RetroFilter.hpp */,
				AFF4876E1F4BDB0600AC4A63 /* MMOpenCVHelper.h */,
				AFF4876F1F4BDB0600AC4A63 /* MMOpenCVHelper.mm */,
				AFF487C81F4BDE6000AC4A63 /* MMCropView.h */,
				AFF487C91F4BDE6000AC4A63 /* MMCropView.m */,
				AFF487CA1F4BDE6000AC4A63 /* MTGeometry.c */,
				AFF487CB1F4BDE6000AC4A63 /* MTGeometry.h */,
			);
			name = opencviosinterface;
			sourceTree = "<group>";
		};
		AF937E661F4FE797002B573A /* VC */ = {
			isa = PBXGroup;
			children = (
				AF4C59671F47DF93007F97F9 /* ViewController.h */,
				AF4C59681F47DF93007F97F9 /* ViewController.mm */,
				AF7C16EF1F4E637300484C3D /* GalleryVC.h */,
				AF7C16F01F4E637300484C3D /* GalleryVC.mm */,
				AF937E671F4FE7CA002B573A /* retroVC.h */,
				AF937E681F4FE7CA002B573A /* retroVC.mm */,
				AF937E6A1F5007CE002B573A /* photoFromCamVC.h */,
				AF937E6B1F5007CE002B573A /* photoFromCamVC.mm */,
				AF30FC621F512655001F2425 /* videoFromCamVC.h */,
				AF30FC631F512655001F2425 /* videoFromCamVC.mm */,
				3411B4CD1F5407A500D32A3F /* advanceCamControlVC.h */,
				3411B4CE1F5407A500D32A3F /* advanceCamControlVC.mm */,
			);
			name = VC;
			sourceTree = "<group>";
		};
		AFF487BE1F4BDDC000AC4A63 /* UIImage Cat */ = {
			isa = PBXGroup;
			children = (
				AFF487BF1F4BDDC000AC4A63 /* UIColor+HexRepresentation.h */,
				AFF487C01F4BDDC000AC4A63 /* UIColor+HexRepresentation.m */,
				AFF487C11F4BDDC000AC4A63 /* UIImage+fixOrientation.h */,
				AFF487C21F4BDDC000AC4A63 /* UIImage+fixOrientation.m */,
				AFF487C31F4BDDC000AC4A63 /* UIImageView+ContentFrame.h */,
				AFF487C41F4BDDC000AC4A63 /* UIImageView+ContentFrame.m */,
			);
			path = "UIImage Cat";
			sourceTree = "<group>";
		};
		D9CE47F04B78FEC362F9578C /* Frameworks */ = {
			isa = PBXGroup;
			children = (
				AF30FC691F513D95001F2425 /* CoreMedia.framework */,
				AF30FC671F513D87001F2425 /* AssetsLibrary.framework */,
				AF30FC651F513D78001F2425 /* CoreVideo.framework */,
				6EF0E0E419CE713DC99358F8 /* libPods-opencvioswxl.a */,
			);
			name = Frameworks;
			sourceTree = "<group>";
		};
/* End PBXGroup section */

/* Begin PBXNativeTarget section */
		AF4C595D1F47DF93007F97F9 /* opencvioswxl */ = {
			isa = PBXNativeTarget;
			buildConfigurationList = AF4C598B1F47DF93007F97F9 /* Build configuration list for PBXNativeTarget "opencvioswxl" */;
			buildPhases = (
				7EDB5C9A2A694F03BB0B1EE7 /* [CP] Check Pods Manifest.lock */,
				AF4C595A1F47DF93007F97F9 /* Sources */,
				AF4C595B1F47DF93007F97F9 /* Frameworks */,
				AF4C595C1F47DF93007F97F9 /* Resources */,
				60488F0B09D9AB935C860995 /* [CP] Embed Pods Frameworks */,
				D50D35EBAC6606E7AD55ADAE /* [CP] Copy Pods Resources */,
			);
			buildRules = (
			);
			dependencies = (
			);
			name = opencvioswxl;
			productName = opencvioswxl;
			productReference = AF4C595E1F47DF93007F97F9 /* opencvioswxl.app */;
			productType = "com.apple.product-type.application";
		};
		AF4C59761F47DF93007F97F9 /* opencvioswxlTests */ = {
			isa = PBXNativeTarget;
			buildConfigurationList = AF4C598E1F47DF93007F97F9 /* Build configuration list for PBXNativeTarget "opencvioswxlTests" */;
			buildPhases = (
				AF4C59731F47DF93007F97F9 /* Sources */,
				AF4C59741F47DF93007F97F9 /* Frameworks */,
				AF4C59751F47DF93007F97F9 /* Resources */,
			);
			buildRules = (
			);
			dependencies = (
				AF4C59791F47DF93007F97F9 /* PBXTargetDependency */,
			);
			name = opencvioswxlTests;
			productName = opencvioswxlTests;
			productReference = AF4C59771F47DF93007F97F9 /* opencvioswxlTests.xctest */;
			productType = "com.apple.product-type.bundle.unit-test";
		};
		AF4C59811F47DF93007F97F9 /* opencvioswxlUITests */ = {
			isa = PBXNativeTarget;
			buildConfigurationList = AF4C59911F47DF93007F97F9 /* Build configuration list for PBXNativeTarget "opencvioswxlUITests" */;
			buildPhases = (
				AF4C597E1F47DF93007F97F9 /* Sources */,
				AF4C597F1F47DF93007F97F9 /* Frameworks */,
				AF4C59801F47DF93007F97F9 /* Resources */,
			);
			buildRules = (
			);
			dependencies = (
				AF4C59841F47DF93007F97F9 /* PBXTargetDependency */,
			);
			name = opencvioswxlUITests;
			productName = opencvioswxlUITests;
			productReference = AF4C59821F47DF93007F97F9 /* opencvioswxlUITests.xctest */;
			productType = "com.apple.product-type.bundle.ui-testing";
		};
/* End PBXNativeTarget section */

/* Begin PBXProject section */
		AF4C59561F47DF93007F97F9 /* Project object */ = {
			isa = PBXProject;
			attributes = {
				LastUpgradeCheck = 0830;
				ORGANIZATIONNAME = mjwz5294;
				TargetAttributes = {
					AF4C595D1F47DF93007F97F9 = {
						CreatedOnToolsVersion = 8.3.3;
						DevelopmentTeam = TU5QH7P4TH;
						ProvisioningStyle = Automatic;
					};
					AF4C59761F47DF93007F97F9 = {
						CreatedOnToolsVersion = 8.3.3;
						DevelopmentTeam = TU5QH7P4TH;
						ProvisioningStyle = Automatic;
						TestTargetID = AF4C595D1F47DF93007F97F9;
					};
					AF4C59811F47DF93007F97F9 = {
						CreatedOnToolsVersion = 8.3.3;
						DevelopmentTeam = TU5QH7P4TH;
						ProvisioningStyle = Automatic;
						TestTargetID = AF4C595D1F47DF93007F97F9;
					};
				};
			};
			buildConfigurationList = AF4C59591F47DF93007F97F9 /* Build configuration list for PBXProject "opencvioswxl" */;
			compatibilityVersion = "Xcode 3.2";
			developmentRegion = English;
			hasScannedForEncodings = 0;
			knownRegions = (
				en,
				Base,
			);
			mainGroup = AF4C59551F47DF93007F97F9;
			productRefGroup = AF4C595F1F47DF93007F97F9 /* Products */;
			projectDirPath = "";
			projectRoot = "";
			targets = (
				AF4C595D1F47DF93007F97F9 /* opencvioswxl */,
				AF4C59761F47DF93007F97F9 /* opencvioswxlTests */,
				AF4C59811F47DF93007F97F9 /* opencvioswxlUITests */,
			);
		};
/* End PBXProject section */

/* Begin PBXResourcesBuildPhase section */
		AF4C595C1F47DF93007F97F9 /* Resources */ = {
			isa = PBXResourcesBuildPhase;
			buildActionMask = 2147483647;
			files = (
				AFC54D881F4C189D00F9A407 /* meinv.jpg in Resources */,
				AF7C16F71F4EBF7500484C3D /* haarcascade_frontalface_alt2.xml in Resources */,
				AF4C59711F47DF93007F97F9 /* LaunchScreen.storyboard in Resources */,
				AF937E5F1F4FE6F4002B573A /* scratches.png in Resources */,
				AF4C596E1F47DF93007F97F9 /* Assets.xcassets in Resources */,
				AF4B41A61F5070350064287B /* 4、使用opencv相机 in Resources */,
				AF7C16F51F4E687200484C3D /* texture.jpg in Resources */,
				AFC54D7E1F4C020A00F9A407 /* cat.jpeg in Resources */,
				AF937E641F4FE737002B573A /* Default.png in Resources */,
				AFC54D861F4C148000F9A407 /* lena.png in Resources */,
				AFC54D8A1F4C1B3700F9A407 /* 3、脸部识别 in Resources */,
				AF937E5E1F4FE6F4002B573A /* fuzzyBorder.png in Resources */,
				AF4C59971F47E39A007F97F9 /* 1、初始化项目 in Resources */,
				AF937E651F4FE737002B573A /* Default@2x.png in Resources */,
				AF7C16F41F4E687200484C3D /* text.png in Resources */,
				34C48C6C1F5269EB00000373 /* 5、从头开始，死磕一天 in Resources */,
				AF4C59991F47E3E1007F97F9 /* 2、编译C++库 in Resources */,
				AF937E631F4FE737002B573A /* Default-568h@2x.png in Resources */,
				AFC54D841F4C145100F9A407 /* haarcascade_frontalface_alt.xml in Resources */,
				AF4C596C1F47DF93007F97F9 /* Main.storyboard in Resources */,
			);
			runOnlyForDeploymentPostprocessing = 0;
		};
		AF4C59751F47DF93007F97F9 /* Resources */ = {
			isa = PBXResourcesBuildPhase;
			buildActionMask = 2147483647;
			files = (
			);
			runOnlyForDeploymentPostprocessing = 0;
		};
		AF4C59801F47DF93007F97F9 /* Resources */ = {
			isa = PBXResourcesBuildPhase;
			buildActionMask = 2147483647;
			files = (
			);
			runOnlyForDeploymentPostprocessing = 0;
		};
/* End PBXResourcesBuildPhase section */

/* Begin PBXShellScriptBuildPhase section */
		60488F0B09D9AB935C860995 /* [CP] Embed Pods Frameworks */ = {
			isa = PBXShellScriptBuildPhase;
			buildActionMask = 2147483647;
			files = (
			);
			inputPaths = (
			);
			name = "[CP] Embed Pods Frameworks";
			outputPaths = (
			);
			runOnlyForDeploymentPostprocessing = 0;
			shellPath = /bin/sh;
			shellScript = "\"${SRCROOT}/Pods/Target Support Files/Pods-opencvioswxl/Pods-opencvioswxl-frameworks.sh\"\n";
			showEnvVarsInLog = 0;
		};
		7EDB5C9A2A694F03BB0B1EE7 /* [CP] Check Pods Manifest.lock */ = {
			isa = PBXShellScriptBuildPhase;
			buildActionMask = 2147483647;
			files = (
			);
			inputPaths = (
				"${PODS_PODFILE_DIR_PATH}/Podfile.lock",
				"${PODS_ROOT}/Manifest.lock",
			);
			name = "[CP] Check Pods Manifest.lock";
			outputPaths = (
				"$(DERIVED_FILE_DIR)/Pods-opencvioswxl-checkManifestLockResult.txt",
			);
			runOnlyForDeploymentPostprocessing = 0;
			shellPath = /bin/sh;
			shellScript = "diff \"${PODS_PODFILE_DIR_PATH}/Podfile.lock\" \"${PODS_ROOT}/Manifest.lock\" > /dev/null\nif [ $? != 0 ] ; then\n    # print error to STDERR\n    echo \"error: The sandbox is not in sync with the Podfile.lock. Run 'pod install' or update your CocoaPods installation.\" >&2\n    exit 1\nfi\n# This output is used by Xcode 'outputs' to avoid re-running this script phase.\necho \"SUCCESS\" > \"${SCRIPT_OUTPUT_FILE_0}\"\n";
			showEnvVarsInLog = 0;
		};
		D50D35EBAC6606E7AD55ADAE /* [CP] Copy Pods Resources */ = {
			isa = PBXShellScriptBuildPhase;
			buildActionMask = 2147483647;
			files = (
			);
			inputPaths = (
			);
			name = "[CP] Copy Pods Resources";
			outputPaths = (
			);
			runOnlyForDeploymentPostprocessing = 0;
			shellPath = /bin/sh;
			shellScript = "\"${SRCROOT}/Pods/Target Support Files/Pods-opencvioswxl/Pods-opencvioswxl-resources.sh\"\n";
			showEnvVarsInLog = 0;
		};
/* End PBXShellScriptBuildPhase section */

/* Begin PBXSourcesBuildPhase section */
		AF4C595A1F47DF93007F97F9 /* Sources */ = {
			isa = PBXSourcesBuildPhase;
			buildActionMask = 2147483647;
			files = (
				AF30FC641F512655001F2425 /* videoFromCamVC.mm in Sources */,
				AF4C59691F47DF93007F97F9 /* ViewController.mm in Sources */,
				AF937E691F4FE7CA002B573A /* retroVC.mm in Sources */,
				AFF487C61F4BDDC000AC4A63 /* UIImage+fixOrientation.m in Sources */,
				AFF487C71F4BDDC000AC4A63 /* UIImageView+ContentFrame.m in Sources */,
				AF4C59661F47DF93007F97F9 /* AppDelegate.m in Sources */,
				AF937E6C1F5007CE002B573A /* photoFromCamVC.mm in Sources */,
				AFF487CD1F4BDE6000AC4A63 /* MTGeometry.c in Sources */,
				AFF487C51F4BDDC000AC4A63 /* UIColor+HexRepresentation.m in Sources */,
				AF7C16EE1F4E629A00484C3D /* PostcardPrinter.cpp in Sources */,
				3411B4CF1F5407A500D32A3F /* advanceCamControlVC.mm in Sources */,
				AF937E5B1F4FE6AD002B573A /* RetroFilter.cpp in Sources */,
				AFF487CC1F4BDE6000AC4A63 /* MMCropView.m in Sources */,
				AFF487701F4BDB0600AC4A63 /* MMOpenCVHelper.mm in Sources */,
				AF6435151F493459006A8725 /* opencviosinterface.mm in Sources */,
				AF4C59631F47DF93007F97F9 /* main.m in Sources */,
				AF7C16F11F4E637300484C3D /* GalleryVC.mm in Sources */,
			);
			runOnlyForDeploymentPostprocessing = 0;
		};
		AF4C59731F47DF93007F97F9 /* Sources */ = {
			isa = PBXSourcesBuildPhase;
			buildActionMask = 2147483647;
			files = (
				AF4C597C1F47DF93007F97F9 /* opencvioswxlTests.m in Sources */,
			);
			runOnlyForDeploymentPostprocessing = 0;
		};
		AF4C597E1F47DF93007F97F9 /* Sources */ = {
			isa = PBXSourcesBuildPhase;
			buildActionMask = 2147483647;
			files = (
				AF4C59871F47DF93007F97F9 /* opencvioswxlUITests.m in Sources */,
			);
			runOnlyForDeploymentPostprocessing = 0;
		};
/* End PBXSourcesBuildPhase section */

/* Begin PBXTargetDependency section */
		AF4C59791F47DF93007F97F9 /* PBXTargetDependency */ = {
			isa = PBXTargetDependency;
			target = AF4C595D1F47DF93007F97F9 /* opencvioswxl */;
			targetProxy = AF4C59781F47DF93007F97F9 /* PBXContainerItemProxy */;
		};
		AF4C59841F47DF93007F97F9 /* PBXTargetDependency */ = {
			isa = PBXTargetDependency;
			target = AF4C595D1F47DF93007F97F9 /* opencvioswxl */;
			targetProxy = AF4C59831F47DF93007F97F9 /* PBXContainerItemProxy */;
		};
/* End PBXTargetDependency section */

/* Begin PBXVariantGroup section */
		AF4C596A1F47DF93007F97F9 /* Main.storyboard */ = {
			isa = PBXVariantGroup;
			children = (
				AF4C596B1F47DF93007F97F9 /* Base */,
			);
			name = Main.storyboard;
			sourceTree = "<group>";
		};
		AF4C596F1F47DF93007F97F9 /* LaunchScreen.storyboard */ = {
			isa = PBXVariantGroup;
			children = (
				AF4C59701F47DF93007F97F9 /* Base */,
			);
			name = LaunchScreen.storyboard;
			sourceTree = "<group>";
		};
/* End PBXVariantGroup section */

/* Begin XCBuildConfiguration section */
		AF4C59891F47DF93007F97F9 /* Debug */ = {
			isa = XCBuildConfiguration;
			buildSettings = {
				ALWAYS_SEARCH_USER_PATHS = NO;
				CLANG_ANALYZER_NONNULL = YES;
				CLANG_ANALYZER_NUMBER_OBJECT_CONVERSION = YES_AGGRESSIVE;
				CLANG_CXX_LANGUAGE_STANDARD = "gnu++0x";
				CLANG_CXX_LIBRARY = "libc++";
				CLANG_ENABLE_MODULES = YES;
				CLANG_ENABLE_OBJC_ARC = YES;
				CLANG_WARN_BOOL_CONVERSION = YES;
				CLANG_WARN_CONSTANT_CONVERSION = YES;
				CLANG_WARN_DIRECT_OBJC_ISA_USAGE = YES_ERROR;
				CLANG_WARN_DOCUMENTATION_COMMENTS = YES;
				CLANG_WARN_EMPTY_BODY = YES;
				CLANG_WARN_ENUM_CONVERSION = YES;
				CLANG_WARN_INFINITE_RECURSION = YES;
				CLANG_WARN_INT_CONVERSION = YES;
				CLANG_WARN_OBJC_ROOT_CLASS = YES_ERROR;
				CLANG_WARN_SUSPICIOUS_MOVE = YES;
				CLANG_WARN_UNREACHABLE_CODE = YES;
				CLANG_WARN__DUPLICATE_METHOD_MATCH = YES;
				"CODE_SIGN_IDENTITY[sdk=iphoneos*]" = "iPhone Developer";
				COPY_PHASE_STRIP = NO;
				DEBUG_INFORMATION_FORMAT = dwarf;
				ENABLE_STRICT_OBJC_MSGSEND = YES;
				ENABLE_TESTABILITY = YES;
				GCC_C_LANGUAGE_STANDARD = gnu99;
				GCC_DYNAMIC_NO_PIC = NO;
				GCC_NO_COMMON_BLOCKS = YES;
				GCC_OPTIMIZATION_LEVEL = 0;
				GCC_PREPROCESSOR_DEFINITIONS = (
					"DEBUG=1",
					"$(inherited)",
				);
				GCC_WARN_64_TO_32_BIT_CONVERSION = YES;
				GCC_WARN_ABOUT_RETURN_TYPE = YES_ERROR;
				GCC_WARN_UNDECLARED_SELECTOR = YES;
				GCC_WARN_UNINITIALIZED_AUTOS = YES_AGGRESSIVE;
				GCC_WARN_UNUSED_FUNCTION = YES;
				GCC_WARN_UNUSED_VARIABLE = YES;
				IPHONEOS_DEPLOYMENT_TARGET = 10.3;
				MTL_ENABLE_DEBUG_INFO = YES;
				ONLY_ACTIVE_ARCH = YES;
				SDKROOT = iphoneos;
			};
			name = Debug;
		};
		AF4C598A1F47DF93007F97F9 /* Release */ = {
			isa = XCBuildConfiguration;
			buildSettings = {
				ALWAYS_SEARCH_USER_PATHS = NO;
				CLANG_ANALYZER_NONNULL = YES;
				CLANG_ANALYZER_NUMBER_OBJECT_CONVERSION = YES_AGGRESSIVE;
				CLANG_CXX_LANGUAGE_STANDARD = "gnu++0x";
				CLANG_CXX_LIBRARY = "libc++";
				CLANG_ENABLE_MODULES = YES;
				CLANG_ENABLE_OBJC_ARC = YES;
				CLANG_WARN_BOOL_CONVERSION = YES;
				CLANG_WARN_CONSTANT_CONVERSION = YES;
				CLANG_WARN_DIRECT_OBJC_ISA_USAGE = YES_ERROR;
				CLANG_WARN_DOCUMENTATION_COMMENTS = YES;
				CLANG_WARN_EMPTY_BODY = YES;
				CLANG_WARN_ENUM_CONVERSION = YES;
				CLANG_WARN_INFINITE_RECURSION = YES;
				CLANG_WARN_INT_CONVERSION = YES;
				CLANG_WARN_OBJC_ROOT_CLASS = YES_ERROR;
				CLANG_WARN_SUSPICIOUS_MOVE = YES;
				CLANG_WARN_UNREACHABLE_CODE = YES;
				CLANG_WARN__DUPLICATE_METHOD_MATCH = YES;
				"CODE_SIGN_IDENTITY[sdk=iphoneos*]" = "iPhone Developer";
				COPY_PHASE_STRIP = NO;
				DEBUG_INFORMATION_FORMAT = "dwarf-with-dsym";
				ENABLE_NS_ASSERTIONS = NO;
				ENABLE_STRICT_OBJC_MSGSEND = YES;
				GCC_C_LANGUAGE_STANDARD = gnu99;
				GCC_NO_COMMON_BLOCKS = YES;
				GCC_WARN_64_TO_32_BIT_CONVERSION = YES;
				GCC_WARN_ABOUT_RETURN_TYPE = YES_ERROR;
				GCC_WARN_UNDECLARED_SELECTOR = YES;
				GCC_WARN_UNINITIALIZED_AUTOS = YES_AGGRESSIVE;
				GCC_WARN_UNUSED_FUNCTION = YES;
				GCC_WARN_UNUSED_VARIABLE = YES;
				IPHONEOS_DEPLOYMENT_TARGET = 10.3;
				MTL_ENABLE_DEBUG_INFO = NO;
				SDKROOT = iphoneos;
				VALIDATE_PRODUCT = YES;
			};
			name = Release;
		};
		AF4C598C1F47DF93007F97F9 /* Debug */ = {
			isa = XCBuildConfiguration;
			baseConfigurationReference = E41A1175DF31519FA425E353 /* Pods-opencvioswxl.debug.xcconfig */;
			buildSettings = {
				ASSETCATALOG_COMPILER_APPICON_NAME = AppIcon;
				DEVELOPMENT_TEAM = TU5QH7P4TH;
				ENABLE_BITCODE = NO;
				GCC_PRECOMPILE_PREFIX_HEADER = YES;
				GCC_PREFIX_HEADER = /Users/longgege/git/opencvioswxl/opencvioswxl/PrefixHeader.pch;
				INFOPLIST_FILE = opencvioswxl/Info.plist;
				IPHONEOS_DEPLOYMENT_TARGET = 9.3;
				LD_RUNPATH_SEARCH_PATHS = "$(inherited) @executable_path/Frameworks";
				PRODUCT_BUNDLE_IDENTIFIER = mjwz5294.opencvioswxl;
				PRODUCT_NAME = "$(TARGET_NAME)";
			};
			name = Debug;
		};
		AF4C598D1F47DF93007F97F9 /* Release */ = {
			isa = XCBuildConfiguration;
			baseConfigurationReference = 28A02051932DD99EB4F37BCA /* Pods-opencvioswxl.release.xcconfig */;
			buildSettings = {
				ASSETCATALOG_COMPILER_APPICON_NAME = AppIcon;
				DEVELOPMENT_TEAM = TU5QH7P4TH;
				ENABLE_BITCODE = NO;
				GCC_PRECOMPILE_PREFIX_HEADER = YES;
				GCC_PREFIX_HEADER = /Users/longgege/git/opencvioswxl/opencvioswxl/PrefixHeader.pch;
				INFOPLIST_FILE = opencvioswxl/Info.plist;
				IPHONEOS_DEPLOYMENT_TARGET = 9.3;
				LD_RUNPATH_SEARCH_PATHS = "$(inherited) @executable_path/Frameworks";
				PRODUCT_BUNDLE_IDENTIFIER = mjwz5294.opencvioswxl;
				PRODUCT_NAME = "$(TARGET_NAME)";
			};
			name = Release;
		};
		AF4C598F1F47DF93007F97F9 /* Debug */ = {
			isa = XCBuildConfiguration;
			buildSettings = {
				BUNDLE_LOADER = "$(TEST_HOST)";
				DEVELOPMENT_TEAM = TU5QH7P4TH;
				INFOPLIST_FILE = opencvioswxlTests/Info.plist;
				LD_RUNPATH_SEARCH_PATHS = "$(inherited) @executable_path/Frameworks @loader_path/Frameworks";
				PRODUCT_BUNDLE_IDENTIFIER = mjwz5294.opencvioswxlTests;
				PRODUCT_NAME = "$(TARGET_NAME)";
				TEST_HOST = "$(BUILT_PRODUCTS_DIR)/opencvioswxl.app/opencvioswxl";
			};
			name = Debug;
		};
		AF4C59901F47DF93007F97F9 /* Release */ = {
			isa = XCBuildConfiguration;
			buildSettings = {
				BUNDLE_LOADER = "$(TEST_HOST)";
				DEVELOPMENT_TEAM = TU5QH7P4TH;
				INFOPLIST_FILE = opencvioswxlTests/Info.plist;
				LD_RUNPATH_SEARCH_PATHS = "$(inherited) @executable_path/Frameworks @loader_path/Frameworks";
				PRODUCT_BUNDLE_IDENTIFIER = mjwz5294.opencvioswxlTests;
				PRODUCT_NAME = "$(TARGET_NAME)";
				TEST_HOST = "$(BUILT_PRODUCTS_DIR)/opencvioswxl.app/opencvioswxl";
			};
			name = Release;
		};
		AF4C59921F47DF93007F97F9 /* Debug */ = {
			isa = XCBuildConfiguration;
			buildSettings = {
				DEVELOPMENT_TEAM = TU5QH7P4TH;
				INFOPLIST_FILE = opencvioswxlUITests/Info.plist;
				LD_RUNPATH_SEARCH_PATHS = "$(inherited) @executable_path/Frameworks @loader_path/Frameworks";
				PRODUCT_BUNDLE_IDENTIFIER = mjwz5294.opencvioswxlUITests;
				PRODUCT_NAME = "$(TARGET_NAME)";
				TEST_TARGET_NAME = opencvioswxl;
			};
			name = Debug;
		};
		AF4C59931F47DF93007F97F9 /* Release */ = {
			isa = XCBuildConfiguration;
			buildSettings = {
				DEVELOPMENT_TEAM = TU5QH7P4TH;
				INFOPLIST_FILE = opencvioswxlUITests/Info.plist;
				LD_RUNPATH_SEARCH_PATHS = "$(inherited) @executable_path/Frameworks @loader_path/Frameworks";
				PRODUCT_BUNDLE_IDENTIFIER = mjwz5294.opencvioswxlUITests;
				PRODUCT_NAME = "$(TARGET_NAME)";
				TEST_TARGET_NAME = opencvioswxl;
			};
			name = Release;
		};
/* End XCBuildConfiguration section */

/* Begin XCConfigurationList section */
		AF4C59591F47DF93007F97F9 /* Build configuration list for PBXProject "opencvioswxl" */ = {
			isa = XCConfigurationList;
			buildConfigurations = (
				AF4C59891F47DF93007F97F9 /* Debug */,
				AF4C598A1F47DF93007F97F9 /* Release */,
			);
			defaultConfigurationIsVisible = 0;
			defaultConfigurationName = Release;
		};
		AF4C598B1F47DF93007F97F9 /* Build configuration list for PBXNativeTarget "opencvioswxl" */ = {
			isa = XCConfigurationList;
			buildConfigurations = (
				AF4C598C1F47DF93007F97F9 /* Debug */,
				AF4C598D1F47DF93007F97F9 /* Release */,
			);
			defaultConfigurationIsVisible = 0;
			defaultConfigurationName = Release;
		};
		AF4C598E1F47DF93007F97F9 /* Build configuration list for PBXNativeTarget "opencvioswxlTests" */ = {
			isa = XCConfigurationList;
			buildConfigurations = (
				AF4C598F1F47DF93007F97F9 /* Debug */,
				AF4C59901F47DF93007F97F9 /* Release */,
			);
			defaultConfigurationIsVisible = 0;
			defaultConfigurationName = Release;
		};
		AF4C59911F47DF93007F97F9 /* Build configuration list for PBXNativeTarget "opencvioswxlUITests" */ = {
			isa = XCConfigurationList;
			buildConfigurations = (
				AF4C59921F47DF93007F97F9 /* Debug */,
				AF4C59931F47DF93007F97F9 /* Release */,
			);
			defaultConfigurationIsVisible = 0;
			defaultConfigurationName = Release;
		};
/* End XCConfigurationList section */
	};
	rootObject = AF4C59561F47DF93007F97F9 /* Project object */;
}
