// !$*UTF8*$!
{
	archiveVersion = 1;
	classes = {
	};
	objectVersion = 46;
	objects = {

/* Begin PBXBuildFile section */
		0415CAF5219D0FAE00DCCEF1 /* Root.storyboard in Resources */ = {isa = PBXBuildFile; fileRef = 0415CAF4219D0FAE00DCCEF1 /* Root.storyboard */; };
		0415CAF9219D140800DCCEF1 /* RootViewController.m in Sources */ = {isa = PBXBuildFile; fileRef = 0415CAF8219D140800DCCEF1 /* RootViewController.m */; };
		0415CAFC219D149800DCCEF1 /* AdViewController.m in Sources */ = {isa = PBXBuildFile; fileRef = 0415CAFB219D149800DCCEF1 /* AdViewController.m */; };
		0415CAFF219D194200DCCEF1 /* CameraViewController.mm in Sources */ = {isa = PBXBuildFile; fileRef = 0415CAFE219D194200DCCEF1 /* CameraViewController.mm */; };
		0415CB02219D197300DCCEF1 /* UserViewController.m in Sources */ = {isa = PBXBuildFile; fileRef = 0415CB01219D197300DCCEF1 /* UserViewController.m */; };
		0415CB05219D197E00DCCEF1 /* ShopViewController.m in Sources */ = {isa = PBXBuildFile; fileRef = 0415CB04219D197E00DCCEF1 /* ShopViewController.m */; };
		3412AF561F54FEDE00AD918B /* 6、教程实例跑完，总结 in Resources */ = {isa = PBXBuildFile; fileRef = 3412AF551F54FEDE00AD918B /* 6、教程实例跑完，总结 */; };
		341AA2121F63D51600BC5F40 /* ImagePickerTool.m in Sources */ = {isa = PBXBuildFile; fileRef = 341AA2111F63D51600BC5F40 /* ImagePickerTool.m */; };
		341ADB231F5E3C620055B1C5 /* ShowImgVC.mm in Sources */ = {isa = PBXBuildFile; fileRef = 341ADB221F5E3C620055B1C5 /* ShowImgVC.mm */; };
		341ADB351F5E40250055B1C5 /* cat.jpeg in Resources */ = {isa = PBXBuildFile; fileRef = 341ADB291F5E40250055B1C5 /* cat.jpeg */; };
		341ADB361F5E40250055B1C5 /* Default-568h@2x.png in Resources */ = {isa = PBXBuildFile; fileRef = 341ADB2A1F5E40250055B1C5 /* Default-568h@2x.png */; };
		341ADB371F5E40250055B1C5 /* Default.png in Resources */ = {isa = PBXBuildFile; fileRef = 341ADB2B1F5E40250055B1C5 /* Default.png */; };
		341ADB381F5E40250055B1C5 /* Default@2x.png in Resources */ = {isa = PBXBuildFile; fileRef = 341ADB2C1F5E40250055B1C5 /* Default@2x.png */; };
		341ADB391F5E40250055B1C5 /* fuzzyBorder.png in Resources */ = {isa = PBXBuildFile; fileRef = 341ADB2D1F5E40250055B1C5 /* fuzzyBorder.png */; };
		341ADB3A1F5E40250055B1C5 /* glasses.png in Resources */ = {isa = PBXBuildFile; fileRef = 341ADB2E1F5E40250055B1C5 /* glasses.png */; };
		341ADB3B1F5E40250055B1C5 /* lena.png in Resources */ = {isa = PBXBuildFile; fileRef = 341ADB2F1F5E40250055B1C5 /* lena.png */; };
		341ADB3C1F5E40250055B1C5 /* meinv.jpg in Resources */ = {isa = PBXBuildFile; fileRef = 341ADB301F5E40250055B1C5 /* meinv.jpg */; };
		341ADB3D1F5E40250055B1C5 /* mustache.png in Resources */ = {isa = PBXBuildFile; fileRef = 341ADB311F5E40250055B1C5 /* mustache.png */; };
		341ADB3E1F5E40250055B1C5 /* scratches.png in Resources */ = {isa = PBXBuildFile; fileRef = 341ADB321F5E40250055B1C5 /* scratches.png */; };
		341ADB3F1F5E40250055B1C5 /* text.png in Resources */ = {isa = PBXBuildFile; fileRef = 341ADB331F5E40250055B1C5 /* text.png */; };
		341ADB401F5E40250055B1C5 /* texture.jpg in Resources */ = {isa = PBXBuildFile; fileRef = 341ADB341F5E40250055B1C5 /* texture.jpg */; };
		341ADB461F5E40710055B1C5 /* haarcascade_frontalface_alt.xml in Resources */ = {isa = PBXBuildFile; fileRef = 341ADB421F5E40710055B1C5 /* haarcascade_frontalface_alt.xml */; };
		341ADB471F5E40710055B1C5 /* haarcascade_frontalface_alt2.xml in Resources */ = {isa = PBXBuildFile; fileRef = 341ADB431F5E40710055B1C5 /* haarcascade_frontalface_alt2.xml */; };
		341ADB481F5E40710055B1C5 /* haarcascade_mcs_eyepair_big.xml in Resources */ = {isa = PBXBuildFile; fileRef = 341ADB441F5E40710055B1C5 /* haarcascade_mcs_eyepair_big.xml */; };
		341ADB491F5E40710055B1C5 /* haarcascade_mcs_mouth.xml in Resources */ = {isa = PBXBuildFile; fileRef = 341ADB451F5E40710055B1C5 /* haarcascade_mcs_mouth.xml */; };
		341ADB4B1F5E40A00055B1C5 /* lbpcascade_frontalface.xml in Resources */ = {isa = PBXBuildFile; fileRef = 341ADB4A1F5E40A00055B1C5 /* lbpcascade_frontalface.xml */; };
		341ADB4F1F5F87870055B1C5 /* SlidersView.m in Sources */ = {isa = PBXBuildFile; fileRef = 341ADB4E1F5F87870055B1C5 /* SlidersView.m */; };
		341ADB531F5F9B580055B1C5 /* BaseViewController.m in Sources */ = {isa = PBXBuildFile; fileRef = 341ADB521F5F9B580055B1C5 /* BaseViewController.m */; };
		341ADB561F5F9B7D0055B1C5 /* ViewController.mm in Sources */ = {isa = PBXBuildFile; fileRef = 341ADB551F5F9B7D0055B1C5 /* ViewController.mm */; };
		341ADB591F5F9BAF0055B1C5 /* BaseTableViewCell.m in Sources */ = {isa = PBXBuildFile; fileRef = 341ADB581F5F9BAF0055B1C5 /* BaseTableViewCell.m */; };
		341ADB5C1F5F9BDD0055B1C5 /* SlidersViewCell.m in Sources */ = {isa = PBXBuildFile; fileRef = 341ADB5B1F5F9BDD0055B1C5 /* SlidersViewCell.m */; };
		341ADB5E1F5FB0920055B1C5 /* SlidersView.xib in Resources */ = {isa = PBXBuildFile; fileRef = 341ADB5D1F5FB0920055B1C5 /* SlidersView.xib */; };
		341ADB601F5FB7960055B1C5 /* SlidersViewCell.xib in Resources */ = {isa = PBXBuildFile; fileRef = 341ADB5F1F5FB7960055B1C5 /* SlidersViewCell.xib */; };
		341ADB641F5FBB290055B1C5 /* Common.m in Sources */ = {isa = PBXBuildFile; fileRef = 341ADB631F5FBB290055B1C5 /* Common.m */; };
		341ADB671F5FD9B10055B1C5 /* BaseView.m in Sources */ = {isa = PBXBuildFile; fileRef = 341ADB661F5FD9B10055B1C5 /* BaseView.m */; };
		341ADB691F604B820055B1C5 /* 9、opencv的C++教程 in Resources */ = {isa = PBXBuildFile; fileRef = 341ADB681F604B820055B1C5 /* 9、opencv的C++教程 */; };
		341ADB6D1F62DE180055B1C5 /* building.jpg in Resources */ = {isa = PBXBuildFile; fileRef = 341ADB6C1F62DE180055B1C5 /* building.jpg */; };
		341ADB6F1F62E6B70055B1C5 /* slam.jpeg in Resources */ = {isa = PBXBuildFile; fileRef = 341ADB6E1F62E6B70055B1C5 /* slam.jpeg */; };
		341ADB711F62E8190055B1C5 /* circle.jpeg in Resources */ = {isa = PBXBuildFile; fileRef = 341ADB701F62E8190055B1C5 /* circle.jpeg */; };
		341DF0381F642BBE0000DFEB /* RetroFilter.cpp in Sources */ = {isa = PBXBuildFile; fileRef = 341DF0361F642BBE0000DFEB /* RetroFilter.cpp */; };
		341DF0481F644CF70000DFEB /* OpencvCameraViewVC.mm in Sources */ = {isa = PBXBuildFile; fileRef = 341DF0461F644CF70000DFEB /* OpencvCameraViewVC.mm */; };
		341DF0491F644CF70000DFEB /* OpencvCameraViewVC.xib in Resources */ = {isa = PBXBuildFile; fileRef = 341DF0471F644CF70000DFEB /* OpencvCameraViewVC.xib */; };
		341DF04E1F64FBD30000DFEB /* OpencvVideoCameraVC.mm in Sources */ = {isa = PBXBuildFile; fileRef = 341DF04C1F64FBD30000DFEB /* OpencvVideoCameraVC.mm */; };
		341DF04F1F64FBD30000DFEB /* OpencvVideoCameraVC.xib in Resources */ = {isa = PBXBuildFile; fileRef = 341DF04D1F64FBD30000DFEB /* OpencvVideoCameraVC.xib */; };
		341DF05E1F6540C60000DFEB /* FaceAnimator.cpp in Sources */ = {isa = PBXBuildFile; fileRef = 341DF05A1F6540C60000DFEB /* FaceAnimator.cpp */; };
		341DF05F1F6540C60000DFEB /* Processing.cpp in Sources */ = {isa = PBXBuildFile; fileRef = 341DF05C1F6540C60000DFEB /* Processing.cpp */; };
		341DF0611F6541020000DFEB /* Processing_Accelerate.cpp in Sources */ = {isa = PBXBuildFile; fileRef = 341DF0601F6541020000DFEB /* Processing_Accelerate.cpp */; };
		341DF0631F65412E0000DFEB /* Processing_NEON.cpp in Sources */ = {isa = PBXBuildFile; fileRef = 341DF0621F65412E0000DFEB /* Processing_NEON.cpp */; };
		345A2EDE1F639762005E216D /* PostcardPrinter.cpp in Sources */ = {isa = PBXBuildFile; fileRef = 345A2EDC1F639762005E216D /* PostcardPrinter.cpp */; };
		345A2EE11F639D47005E216D /* CPPTools.mm in Sources */ = {isa = PBXBuildFile; fileRef = 345A2EE01F639D47005E216D /* CPPTools.mm */; };
		34B8A2F61F6930D10071DC0C /* 10、opencv与机器学习 in Resources */ = {isa = PBXBuildFile; fileRef = 34B8A2F51F6930D10071DC0C /* 10、opencv与机器学习 */; };
		34C48C6C1F5269EB00000373 /* 5、从头开始，死磕一天 in Resources */ = {isa = PBXBuildFile; fileRef = 34C48C6B1F5269EB00000373 /* 5、从头开始，死磕一天 */; };
		34C72F981F5D9375009AD3E1 /* 7、小结 in Resources */ = {isa = PBXBuildFile; fileRef = 34C72F961F5D9375009AD3E1 /* 7、小结 */; };
		34C72F991F5D9375009AD3E1 /* 8、opencv的python教程总结 in Resources */ = {isa = PBXBuildFile; fileRef = 34C72F971F5D9375009AD3E1 /* 8、opencv的python教程总结 */; };
		56398327C09504B68053075F /* libPods-opencvioswxl.a in Frameworks */ = {isa = PBXBuildFile; fileRef = 6EF0E0E419CE713DC99358F8 /* libPods-opencvioswxl.a */; };
		AF4B41A61F5070350064287B /* 4、使用opencv相机 in Resources */ = {isa = PBXBuildFile; fileRef = AF4B41A51F5070350064287B /* 4、使用opencv相机 */; };
		AF4C59631F47DF93007F97F9 /* main.m in Sources */ = {isa = PBXBuildFile; fileRef = AF4C59621F47DF93007F97F9 /* main.m */; };
		AF4C59661F47DF93007F97F9 /* AppDelegate.m in Sources */ = {isa = PBXBuildFile; fileRef = AF4C59651F47DF93007F97F9 /* AppDelegate.m */; };
		AF4C596C1F47DF93007F97F9 /* Main.storyboard in Resources */ = {isa = PBXBuildFile; fileRef = AF4C596A1F47DF93007F97F9 /* Main.storyboard */; };
		AF4C596E1F47DF93007F97F9 /* Assets.xcassets in Resources */ = {isa = PBXBuildFile; fileRef = AF4C596D1F47DF93007F97F9 /* Assets.xcassets */; };
		AF4C59711F47DF93007F97F9 /* LaunchScreen.storyboard in Resources */ = {isa = PBXBuildFile; fileRef = AF4C596F1F47DF93007F97F9 /* LaunchScreen.storyboard */; };
		AF4C597C1F47DF93007F97F9 /* opencvioswxlTests.m in Sources */ = {isa = PBXBuildFile; fileRef = AF4C597B1F47DF93007F97F9 /* opencvioswxlTests.m */; };
		AF4C59871F47DF93007F97F9 /* opencvioswxlUITests.m in Sources */ = {isa = PBXBuildFile; fileRef = AF4C59861F47DF93007F97F9 /* opencvioswxlUITests.m */; };
		AF4C59971F47E39A007F97F9 /* 1、初始化项目 in Resources */ = {isa = PBXBuildFile; fileRef = AF4C59961F47E39A007F97F9 /* 1、初始化项目 */; };
		AF4C59991F47E3E1007F97F9 /* 2、编译C++库 in Resources */ = {isa = PBXBuildFile; fileRef = AF4C59981F47E3E1007F97F9 /* 2、编译C++库 */; };
		AFC54D8A1F4C1B3700F9A407 /* 3、脸部识别 in Resources */ = {isa = PBXBuildFile; fileRef = AFC54D891F4C1B3700F9A407 /* 3、脸部识别 */; };
		AFF487C51F4BDDC000AC4A63 /* UIColor+HexRepresentation.m in Sources */ = {isa = PBXBuildFile; fileRef = AFF487C01F4BDDC000AC4A63 /* UIColor+HexRepresentation.m */; };
		AFF487C61F4BDDC000AC4A63 /* UIImage+fixOrientation.m in Sources */ = {isa = PBXBuildFile; fileRef = AFF487C21F4BDDC000AC4A63 /* UIImage+fixOrientation.m */; };
		AFF487C71F4BDDC000AC4A63 /* UIImageView+ContentFrame.m in Sources */ = {isa = PBXBuildFile; fileRef = AFF487C41F4BDDC000AC4A63 /* UIImageView+ContentFrame.m */; };
/* End PBXBuildFile section */

/* Begin PBXContainerItemProxy section */
		AF4C59781F47DF93007F97F9 /* PBXContainerItemProxy */ = {
			isa = PBXContainerItemProxy;
			containerPortal = AF4C59561F47DF93007F97F9 /* Project object */;
			proxyType = 1;
			remoteGlobalIDString = AF4C595D1F47DF93007F97F9;
			remoteInfo = opencvioswxl;
		};
		AF4C59831F47DF93007F97F9 /* PBXContainerItemProxy */ = {
			isa = PBXContainerItemProxy;
			containerPortal = AF4C59561F47DF93007F97F9 /* Project object */;
			proxyType = 1;
			remoteGlobalIDString = AF4C595D1F47DF93007F97F9;
			remoteInfo = opencvioswxl;
		};
/* End PBXContainerItemProxy section */

/* Begin PBXFileReference section */
		0415CAF4219D0FAE00DCCEF1 /* Root.storyboard */ = {isa = PBXFileReference; lastKnownFileType = file.storyboard; path = Root.storyboard; sourceTree = "<group>"; };
		0415CAF7219D140800DCCEF1 /* RootViewController.h */ = {isa = PBXFileReference; lastKnownFileType = sourcecode.c.h; path = RootViewController.h; sourceTree = "<group>"; };
		0415CAF8219D140800DCCEF1 /* RootViewController.m */ = {isa = PBXFileReference; lastKnownFileType = sourcecode.c.objc; path = RootViewController.m; sourceTree = "<group>"; };
		0415CAFA219D149800DCCEF1 /* AdViewController.h */ = {isa = PBXFileReference; lastKnownFileType = sourcecode.c.h; path = AdViewController.h; sourceTree = "<group>"; };
		0415CAFB219D149800DCCEF1 /* AdViewController.m */ = {isa = PBXFileReference; lastKnownFileType = sourcecode.c.objc; path = AdViewController.m; sourceTree = "<group>"; };
		0415CAFD219D194200DCCEF1 /* CameraViewController.h */ = {isa = PBXFileReference; lastKnownFileType = sourcecode.c.h; path = CameraViewController.h; sourceTree = "<group>"; };
		0415CAFE219D194200DCCEF1 /* CameraViewController.mm */ = {isa = PBXFileReference; lastKnownFileType = sourcecode.cpp.objcpp; path = CameraViewController.mm; sourceTree = "<group>"; };
		0415CB00219D197300DCCEF1 /* UserViewController.h */ = {isa = PBXFileReference; lastKnownFileType = sourcecode.c.h; path = UserViewController.h; sourceTree = "<group>"; };
		0415CB01219D197300DCCEF1 /* UserViewController.m */ = {isa = PBXFileReference; lastKnownFileType = sourcecode.c.objc; path = UserViewController.m; sourceTree = "<group>"; };
		0415CB03219D197E00DCCEF1 /* ShopViewController.h */ = {isa = PBXFileReference; lastKnownFileType = sourcecode.c.h; path = ShopViewController.h; sourceTree = "<group>"; };
		0415CB04219D197E00DCCEF1 /* ShopViewController.m */ = {isa = PBXFileReference; lastKnownFileType = sourcecode.c.objc; path = ShopViewController.m; sourceTree = "<group>"; };
		28A02051932DD99EB4F37BCA /* Pods-opencvioswxl.release.xcconfig */ = {isa = PBXFileReference; includeInIndex = 1; lastKnownFileType = text.xcconfig; name = "Pods-opencvioswxl.release.xcconfig"; path = "Pods/Target Support Files/Pods-opencvioswxl/Pods-opencvioswxl.release.xcconfig"; sourceTree = "<group>"; };
		3412AF551F54FEDE00AD918B /* 6、教程实例跑完，总结 */ = {isa = PBXFileReference; fileEncoding = 4; lastKnownFileType = text; path = "6、教程实例跑完，总结"; sourceTree = "<group>"; };
		341AA2101F63D51600BC5F40 /* ImagePickerTool.h */ = {isa = PBXFileReference; fileEncoding = 4; lastKnownFileType = sourcecode.c.h; path = ImagePickerTool.h; sourceTree = "<group>"; };
		341AA2111F63D51600BC5F40 /* ImagePickerTool.m */ = {isa = PBXFileReference; fileEncoding = 4; lastKnownFileType = sourcecode.c.objc; path = ImagePickerTool.m; sourceTree = "<group>"; };
		341ADB211F5E3C620055B1C5 /* ShowImgVC.h */ = {isa = PBXFileReference; fileEncoding = 4; lastKnownFileType = sourcecode.c.h; path = ShowImgVC.h; sourceTree = "<group>"; };
		341ADB221F5E3C620055B1C5 /* ShowImgVC.mm */ = {isa = PBXFileReference; fileEncoding = 4; lastKnownFileType = sourcecode.cpp.objcpp; path = ShowImgVC.mm; sourceTree = "<group>"; };
		341ADB291F5E40250055B1C5 /* cat.jpeg */ = {isa = PBXFileReference; lastKnownFileType = image.jpeg; path = cat.jpeg; sourceTree = "<group>"; };
		341ADB2A1F5E40250055B1C5 /* Default-568h@2x.png */ = {isa = PBXFileReference; lastKnownFileType = image.png; path = "Default-568h@2x.png"; sourceTree = "<group>"; };
		341ADB2B1F5E40250055B1C5 /* Default.png */ = {isa = PBXFileReference; lastKnownFileType = image.png; path = Default.png; sourceTree = "<group>"; };
		341ADB2C1F5E40250055B1C5 /* Default@2x.png */ = {isa = PBXFileReference; lastKnownFileType = image.png; path = "Default@2x.png"; sourceTree = "<group>"; };
		341ADB2D1F5E40250055B1C5 /* fuzzyBorder.png */ = {isa = PBXFileReference; lastKnownFileType = image.png; path = fuzzyBorder.png; sourceTree = "<group>"; };
		341ADB2E1F5E40250055B1C5 /* glasses.png */ = {isa = PBXFileReference; lastKnownFileType = image.png; path = glasses.png; sourceTree = "<group>"; };
		341ADB2F1F5E40250055B1C5 /* lena.png */ = {isa = PBXFileReference; lastKnownFileType = image.png; path = lena.png; sourceTree = "<group>"; };
		341ADB301F5E40250055B1C5 /* meinv.jpg */ = {isa = PBXFileReference; lastKnownFileType = image.jpeg; path = meinv.jpg; sourceTree = "<group>"; };
		341ADB311F5E40250055B1C5 /* mustache.png */ = {isa = PBXFileReference; lastKnownFileType = image.png; path = mustache.png; sourceTree = "<group>"; };
		341ADB321F5E40250055B1C5 /* scratches.png */ = {isa = PBXFileReference; lastKnownFileType = image.png; path = scratches.png; sourceTree = "<group>"; };
		341ADB331F5E40250055B1C5 /* text.png */ = {isa = PBXFileReference; lastKnownFileType = image.png; path = text.png; sourceTree = "<group>"; };
		341ADB341F5E40250055B1C5 /* texture.jpg */ = {isa = PBXFileReference; lastKnownFileType = image.jpeg; path = texture.jpg; sourceTree = "<group>"; };
		341ADB421F5E40710055B1C5 /* haarcascade_frontalface_alt.xml */ = {isa = PBXFileReference; fileEncoding = 4; lastKnownFileType = text.xml; path = haarcascade_frontalface_alt.xml; sourceTree = "<group>"; };
		341ADB431F5E40710055B1C5 /* haarcascade_frontalface_alt2.xml */ = {isa = PBXFileReference; fileEncoding = 4; lastKnownFileType = text.xml; path = haarcascade_frontalface_alt2.xml; sourceTree = "<group>"; };
		341ADB441F5E40710055B1C5 /* haarcascade_mcs_eyepair_big.xml */ = {isa = PBXFileReference; fileEncoding = 4; lastKnownFileType = text.xml; path = haarcascade_mcs_eyepair_big.xml; sourceTree = "<group>"; };
		341ADB451F5E40710055B1C5 /* haarcascade_mcs_mouth.xml */ = {isa = PBXFileReference; fileEncoding = 4; lastKnownFileType = text.xml; path = haarcascade_mcs_mouth.xml; sourceTree = "<group>"; };
		341ADB4A1F5E40A00055B1C5 /* lbpcascade_frontalface.xml */ = {isa = PBXFileReference; fileEncoding = 4; lastKnownFileType = text.xml; path = lbpcascade_frontalface.xml; sourceTree = "<group>"; };
		341ADB4D1F5F87870055B1C5 /* SlidersView.h */ = {isa = PBXFileReference; fileEncoding = 4; lastKnownFileType = sourcecode.c.h; path = SlidersView.h; sourceTree = "<group>"; };
		341ADB4E1F5F87870055B1C5 /* SlidersView.m */ = {isa = PBXFileReference; fileEncoding = 4; lastKnownFileType = sourcecode.c.objc; path = SlidersView.m; sourceTree = "<group>"; };
		341ADB511F5F9B580055B1C5 /* BaseViewController.h */ = {isa = PBXFileReference; fileEncoding = 4; lastKnownFileType = sourcecode.c.h; path = BaseViewController.h; sourceTree = "<group>"; };
		341ADB521F5F9B580055B1C5 /* BaseViewController.m */ = {isa = PBXFileReference; fileEncoding = 4; lastKnownFileType = sourcecode.c.objc; path = BaseViewController.m; sourceTree = "<group>"; };
		341ADB541F5F9B7D0055B1C5 /* ViewController.h */ = {isa = PBXFileReference; fileEncoding = 4; lastKnownFileType = sourcecode.c.h; path = ViewController.h; sourceTree = "<group>"; };
		341ADB551F5F9B7D0055B1C5 /* ViewController.mm */ = {isa = PBXFileReference; fileEncoding = 4; lastKnownFileType = sourcecode.cpp.objcpp; path = ViewController.mm; sourceTree = "<group>"; };
		341ADB571F5F9BAF0055B1C5 /* BaseTableViewCell.h */ = {isa = PBXFileReference; fileEncoding = 4; lastKnownFileType = sourcecode.c.h; path = BaseTableViewCell.h; sourceTree = "<group>"; };
		341ADB581F5F9BAF0055B1C5 /* BaseTableViewCell.m */ = {isa = PBXFileReference; fileEncoding = 4; lastKnownFileType = sourcecode.c.objc; path = BaseTableViewCell.m; sourceTree = "<group>"; };
		341ADB5A1F5F9BDD0055B1C5 /* SlidersViewCell.h */ = {isa = PBXFileReference; fileEncoding = 4; lastKnownFileType = sourcecode.c.h; path = SlidersViewCell.h; sourceTree = "<group>"; };
		341ADB5B1F5F9BDD0055B1C5 /* SlidersViewCell.m */ = {isa = PBXFileReference; fileEncoding = 4; lastKnownFileType = sourcecode.c.objc; path = SlidersViewCell.m; sourceTree = "<group>"; };
		341ADB5D1F5FB0920055B1C5 /* SlidersView.xib */ = {isa = PBXFileReference; fileEncoding = 4; lastKnownFileType = file.xib; path = SlidersView.xib; sourceTree = "<group>"; };
		341ADB5F1F5FB7960055B1C5 /* SlidersViewCell.xib */ = {isa = PBXFileReference; fileEncoding = 4; lastKnownFileType = file.xib; path = SlidersViewCell.xib; sourceTree = "<group>"; };
		341ADB621F5FBB290055B1C5 /* Common.h */ = {isa = PBXFileReference; fileEncoding = 4; lastKnownFileType = sourcecode.c.h; path = Common.h; sourceTree = "<group>"; };
		341ADB631F5FBB290055B1C5 /* Common.m */ = {isa = PBXFileReference; fileEncoding = 4; lastKnownFileType = sourcecode.c.objc; path = Common.m; sourceTree = "<group>"; };
		341ADB651F5FD9B10055B1C5 /* BaseView.h */ = {isa = PBXFileReference; fileEncoding = 4; lastKnownFileType = sourcecode.c.h; path = BaseView.h; sourceTree = "<group>"; };
		341ADB661F5FD9B10055B1C5 /* BaseView.m */ = {isa = PBXFileReference; fileEncoding = 4; lastKnownFileType = sourcecode.c.objc; path = BaseView.m; sourceTree = "<group>"; };
		341ADB681F604B820055B1C5 /* 9、opencv的C++教程 */ = {isa = PBXFileReference; fileEncoding = 4; lastKnownFileType = text; path = "9、opencv的C++教程"; sourceTree = "<group>"; };
		341ADB6C1F62DE180055B1C5 /* building.jpg */ = {isa = PBXFileReference; lastKnownFileType = image.jpeg; path = building.jpg; sourceTree = "<group>"; };
		341ADB6E1F62E6B70055B1C5 /* slam.jpeg */ = {isa = PBXFileReference; lastKnownFileType = image.jpeg; path = slam.jpeg; sourceTree = "<group>"; };
		341ADB701F62E8190055B1C5 /* circle.jpeg */ = {isa = PBXFileReference; lastKnownFileType = image.jpeg; path = circle.jpeg; sourceTree = "<group>"; };
		341DF0361F642BBE0000DFEB /* RetroFilter.cpp */ = {isa = PBXFileReference; fileEncoding = 4; lastKnownFileType = sourcecode.cpp.cpp; path = RetroFilter.cpp; sourceTree = "<group>"; };
		341DF0371F642BBE0000DFEB /* RetroFilter.hpp */ = {isa = PBXFileReference; fileEncoding = 4; lastKnownFileType = sourcecode.cpp.h; path = RetroFilter.hpp; sourceTree = "<group>"; };
		341DF0451F644CF70000DFEB /* OpencvCameraViewVC.h */ = {isa = PBXFileReference; fileEncoding = 4; lastKnownFileType = sourcecode.c.h; path = OpencvCameraViewVC.h; sourceTree = "<group>"; };
		341DF0461F644CF70000DFEB /* OpencvCameraViewVC.mm */ = {isa = PBXFileReference; fileEncoding = 4; lastKnownFileType = sourcecode.cpp.objcpp; path = OpencvCameraViewVC.mm; sourceTree = "<group>"; };
		341DF0471F644CF70000DFEB /* OpencvCameraViewVC.xib */ = {isa = PBXFileReference; fileEncoding = 4; lastKnownFileType = file.xib; path = OpencvCameraViewVC.xib; sourceTree = "<group>"; };
		341DF04B1F64FBD30000DFEB /* OpencvVideoCameraVC.h */ = {isa = PBXFileReference; fileEncoding = 4; lastKnownFileType = sourcecode.c.h; path = OpencvVideoCameraVC.h; sourceTree = "<group>"; };
		341DF04C1F64FBD30000DFEB /* OpencvVideoCameraVC.mm */ = {isa = PBXFileReference; fileEncoding = 4; lastKnownFileType = sourcecode.cpp.objcpp; path = OpencvVideoCameraVC.mm; sourceTree = "<group>"; };
		341DF04D1F64FBD30000DFEB /* OpencvVideoCameraVC.xib */ = {isa = PBXFileReference; fileEncoding = 4; lastKnownFileType = file.xib; path = OpencvVideoCameraVC.xib; sourceTree = "<group>"; };
		341DF05A1F6540C60000DFEB /* FaceAnimator.cpp */ = {isa = PBXFileReference; fileEncoding = 4; lastKnownFileType = sourcecode.cpp.cpp; path = FaceAnimator.cpp; sourceTree = "<group>"; };
		341DF05B1F6540C60000DFEB /* FaceAnimator.hpp */ = {isa = PBXFileReference; fileEncoding = 4; lastKnownFileType = sourcecode.cpp.h; path = FaceAnimator.hpp; sourceTree = "<group>"; };
		341DF05C1F6540C60000DFEB /* Processing.cpp */ = {isa = PBXFileReference; fileEncoding = 4; lastKnownFileType = sourcecode.cpp.cpp; path = Processing.cpp; sourceTree = "<group>"; };
		341DF05D1F6540C60000DFEB /* Processing.hpp */ = {isa = PBXFileReference; fileEncoding = 4; lastKnownFileType = sourcecode.cpp.h; path = Processing.hpp; sourceTree = "<group>"; };
		341DF0601F6541020000DFEB /* Processing_Accelerate.cpp */ = {isa = PBXFileReference; fileEncoding = 4; lastKnownFileType = sourcecode.cpp.cpp; path = Processing_Accelerate.cpp; sourceTree = "<group>"; };
		341DF0621F65412E0000DFEB /* Processing_NEON.cpp */ = {isa = PBXFileReference; fileEncoding = 4; lastKnownFileType = sourcecode.cpp.cpp; path = Processing_NEON.cpp; sourceTree = "<group>"; };
		345A2EDC1F639762005E216D /* PostcardPrinter.cpp */ = {isa = PBXFileReference; fileEncoding = 4; lastKnownFileType = sourcecode.cpp.cpp; path = PostcardPrinter.cpp; sourceTree = "<group>"; };
		345A2EDD1F639762005E216D /* PostcardPrinter.hpp */ = {isa = PBXFileReference; fileEncoding = 4; lastKnownFileType = sourcecode.cpp.h; path = PostcardPrinter.hpp; sourceTree = "<group>"; };
		345A2EDF1F639D47005E216D /* CPPTools.h */ = {isa = PBXFileReference; fileEncoding = 4; lastKnownFileType = sourcecode.c.h; path = CPPTools.h; sourceTree = "<group>"; };
		345A2EE01F639D47005E216D /* CPPTools.mm */ = {isa = PBXFileReference; fileEncoding = 4; lastKnownFileType = sourcecode.cpp.objcpp; path = CPPTools.mm; sourceTree = "<group>"; };
		34B8A2F51F6930D10071DC0C /* 10、opencv与机器学习 */ = {isa = PBXFileReference; fileEncoding = 4; lastKnownFileType = text; path = "10、opencv与机器学习"; sourceTree = "<group>"; };
		34C48C6B1F5269EB00000373 /* 5、从头开始，死磕一天 */ = {isa = PBXFileReference; fileEncoding = 4; lastKnownFileType = text; path = "5、从头开始，死磕一天"; sourceTree = "<group>"; };
		34C72F961F5D9375009AD3E1 /* 7、小结 */ = {isa = PBXFileReference; fileEncoding = 4; lastKnownFileType = text; path = "7、小结"; sourceTree = "<group>"; };
		34C72F971F5D9375009AD3E1 /* 8、opencv的python教程总结 */ = {isa = PBXFileReference; fileEncoding = 4; lastKnownFileType = text; path = "8、opencv的python教程总结"; sourceTree = "<group>"; };
		6EF0E0E419CE713DC99358F8 /* libPods-opencvioswxl.a */ = {isa = PBXFileReference; explicitFileType = archive.ar; includeInIndex = 0; path = "libPods-opencvioswxl.a"; sourceTree = BUILT_PRODUCTS_DIR; };
		AF30FC651F513D78001F2425 /* CoreVideo.framework */ = {isa = PBXFileReference; lastKnownFileType = wrapper.framework; name = CoreVideo.framework; path = System/Library/Frameworks/CoreVideo.framework; sourceTree = SDKROOT; };
		AF30FC671F513D87001F2425 /* AssetsLibrary.framework */ = {isa = PBXFileReference; lastKnownFileType = wrapper.framework; name = AssetsLibrary.framework; path = System/Library/Frameworks/AssetsLibrary.framework; sourceTree = SDKROOT; };
		AF30FC691F513D95001F2425 /* CoreMedia.framework */ = {isa = PBXFileReference; lastKnownFileType = wrapper.framework; name = CoreMedia.framework; path = System/Library/Frameworks/CoreMedia.framework; sourceTree = SDKROOT; };
		AF4B41A51F5070350064287B /* 4、使用opencv相机 */ = {isa = PBXFileReference; fileEncoding = 4; lastKnownFileType = text; path = "4、使用opencv相机"; sourceTree = "<group>"; };
		AF4C595E1F47DF93007F97F9 /* opencvioswxl.app */ = {isa = PBXFileReference; explicitFileType = wrapper.application; includeInIndex = 0; path = opencvioswxl.app; sourceTree = BUILT_PRODUCTS_DIR; };
		AF4C59621F47DF93007F97F9 /* main.m */ = {isa = PBXFileReference; lastKnownFileType = sourcecode.c.objc; path = main.m; sourceTree = "<group>"; };
		AF4C59641F47DF93007F97F9 /* AppDelegate.h */ = {isa = PBXFileReference; lastKnownFileType = sourcecode.c.h; path = AppDelegate.h; sourceTree = "<group>"; };
		AF4C59651F47DF93007F97F9 /* AppDelegate.m */ = {isa = PBXFileReference; lastKnownFileType = sourcecode.c.objc; path = AppDelegate.m; sourceTree = "<group>"; };
		AF4C596B1F47DF93007F97F9 /* Base */ = {isa = PBXFileReference; lastKnownFileType = file.storyboard; name = Base; path = Base.lproj/Main.storyboard; sourceTree = "<group>"; };
		AF4C596D1F47DF93007F97F9 /* Assets.xcassets */ = {isa = PBXFileReference; lastKnownFileType = folder.assetcatalog; path = Assets.xcassets; sourceTree = "<group>"; };
		AF4C59701F47DF93007F97F9 /* Base */ = {isa = PBXFileReference; lastKnownFileType = file.storyboard; name = Base; path = Base.lproj/LaunchScreen.storyboard; sourceTree = "<group>"; };
		AF4C59721F47DF93007F97F9 /* Info.plist */ = {isa = PBXFileReference; lastKnownFileType = text.plist.xml; path = Info.plist; sourceTree = "<group>"; };
		AF4C59771F47DF93007F97F9 /* opencvioswxlTests.xctest */ = {isa = PBXFileReference; explicitFileType = wrapper.cfbundle; includeInIndex = 0; path = opencvioswxlTests.xctest; sourceTree = BUILT_PRODUCTS_DIR; };
		AF4C597B1F47DF93007F97F9 /* opencvioswxlTests.m */ = {isa = PBXFileReference; lastKnownFileType = sourcecode.c.objc; path = opencvioswxlTests.m; sourceTree = "<group>"; };
		AF4C597D1F47DF93007F97F9 /* Info.plist */ = {isa = PBXFileReference; lastKnownFileType = text.plist.xml; path = Info.plist; sourceTree = "<group>"; };
		AF4C59821F47DF93007F97F9 /* opencvioswxlUITests.xctest */ = {isa = PBXFileReference; explicitFileType = wrapper.cfbundle; includeInIndex = 0; path = opencvioswxlUITests.xctest; sourceTree = BUILT_PRODUCTS_DIR; };
		AF4C59861F47DF93007F97F9 /* opencvioswxlUITests.m */ = {isa = PBXFileReference; lastKnownFileType = sourcecode.c.objc; path = opencvioswxlUITests.m; sourceTree = "<group>"; };
		AF4C59881F47DF93007F97F9 /* Info.plist */ = {isa = PBXFileReference; lastKnownFileType = text.plist.xml; path = Info.plist; sourceTree = "<group>"; };
		AF4C59941F47E0B1007F97F9 /* PrefixHeader.pch */ = {isa = PBXFileReference; lastKnownFileType = sourcecode.c.h; path = PrefixHeader.pch; sourceTree = "<group>"; };
		AF4C59961F47E39A007F97F9 /* 1、初始化项目 */ = {isa = PBXFileReference; fileEncoding = 4; lastKnownFileType = text; path = "1、初始化项目"; sourceTree = "<group>"; };
		AF4C59981F47E3E1007F97F9 /* 2、编译C++库 */ = {isa = PBXFileReference; fileEncoding = 4; lastKnownFileType = text; path = "2、编译C++库"; sourceTree = "<group>"; };
		AFC54D891F4C1B3700F9A407 /* 3、脸部识别 */ = {isa = PBXFileReference; fileEncoding = 4; lastKnownFileType = text; path = "3、脸部识别"; sourceTree = "<group>"; };
		AFF487BF1F4BDDC000AC4A63 /* UIColor+HexRepresentation.h */ = {isa = PBXFileReference; fileEncoding = 4; lastKnownFileType = sourcecode.c.h; path = "UIColor+HexRepresentation.h"; sourceTree = "<group>"; };
		AFF487C01F4BDDC000AC4A63 /* UIColor+HexRepresentation.m */ = {isa = PBXFileReference; fileEncoding = 4; lastKnownFileType = sourcecode.c.objc; path = "UIColor+HexRepresentation.m"; sourceTree = "<group>"; };
		AFF487C11F4BDDC000AC4A63 /* UIImage+fixOrientation.h */ = {isa = PBXFileReference; fileEncoding = 4; lastKnownFileType = sourcecode.c.h; path = "UIImage+fixOrientation.h"; sourceTree = "<group>"; };
		AFF487C21F4BDDC000AC4A63 /* UIImage+fixOrientation.m */ = {isa = PBXFileReference; fileEncoding = 4; lastKnownFileType = sourcecode.c.objc; path = "UIImage+fixOrientation.m"; sourceTree = "<group>"; };
		AFF487C31F4BDDC000AC4A63 /* UIImageView+ContentFrame.h */ = {isa = PBXFileReference; fileEncoding = 4; lastKnownFileType = sourcecode.c.h; path = "UIImageView+ContentFrame.h"; sourceTree = "<group>"; };
		AFF487C41F4BDDC000AC4A63 /* UIImageView+ContentFrame.m */ = {isa = PBXFileReference; fileEncoding = 4; lastKnownFileType = sourcecode.c.objc; path = "UIImageView+ContentFrame.m"; sourceTree = "<group>"; };
		E41A1175DF31519FA425E353 /* Pods-opencvioswxl.debug.xcconfig */ = {isa = PBXFileReference; includeInIndex = 1; lastKnownFileType = text.xcconfig; name = "Pods-opencvioswxl.debug.xcconfig"; path = "Pods/Target Support Files/Pods-opencvioswxl/Pods-opencvioswxl.debug.xcconfig"; sourceTree = "<group>"; };
/* End PBXFileReference section */

/* Begin PBXFrameworksBuildPhase section */
		AF4C595B1F47DF93007F97F9 /* Frameworks */ = {
			isa = PBXFrameworksBuildPhase;
			buildActionMask = 2147483647;
			files = (
				56398327C09504B68053075F /* libPods-opencvioswxl.a in Frameworks */,
			);
			runOnlyForDeploymentPostprocessing = 0;
		};
		AF4C59741F47DF93007F97F9 /* Frameworks */ = {
			isa = PBXFrameworksBuildPhase;
			buildActionMask = 2147483647;
			files = (
			);
			runOnlyForDeploymentPostprocessing = 0;
		};
		AF4C597F1F47DF93007F97F9 /* Frameworks */ = {
			isa = PBXFrameworksBuildPhase;
			buildActionMask = 2147483647;
			files = (
			);
			runOnlyForDeploymentPostprocessing = 0;
		};
/* End PBXFrameworksBuildPhase section */

/* Begin PBXGroup section */
		0415CAF6219D13DF00DCCEF1 /* VC */ = {
			isa = PBXGroup;
			children = (
				0415CAFA219D149800DCCEF1 /* AdViewController.h */,
				0415CAFB219D149800DCCEF1 /* AdViewController.m */,
				0415CAFD219D194200DCCEF1 /* CameraViewController.h */,
				0415CAFE219D194200DCCEF1 /* CameraViewController.mm */,
				0415CAF7219D140800DCCEF1 /* RootViewController.h */,
				0415CAF8219D140800DCCEF1 /* RootViewController.m */,
				0415CB03219D197E00DCCEF1 /* ShopViewController.h */,
				0415CB04219D197E00DCCEF1 /* ShopViewController.m */,
				0415CB00219D197300DCCEF1 /* UserViewController.h */,
				0415CB01219D197300DCCEF1 /* UserViewController.m */,
			);
			name = VC;
			sourceTree = "<group>";
		};
		270C0002A6A7DE48CE5FDA3E /* Pods */ = {
			isa = PBXGroup;
			children = (
				E41A1175DF31519FA425E353 /* Pods-opencvioswxl.debug.xcconfig */,
				28A02051932DD99EB4F37BCA /* Pods-opencvioswxl.release.xcconfig */,
			);
			name = Pods;
			sourceTree = "<group>";
		};
		341ADB201F5E3C620055B1C5 /* NewVC */ = {
			isa = PBXGroup;
			children = (
				341ADB211F5E3C620055B1C5 /* ShowImgVC.h */,
				341ADB221F5E3C620055B1C5 /* ShowImgVC.mm */,
			);
			path = NewVC;
			sourceTree = "<group>";
		};
		341ADB281F5E40250055B1C5 /* Imgs */ = {
			isa = PBXGroup;
			children = (
				341ADB6E1F62E6B70055B1C5 /* slam.jpeg */,
				341ADB6C1F62DE180055B1C5 /* building.jpg */,
				341ADB701F62E8190055B1C5 /* circle.jpeg */,
				341ADB291F5E40250055B1C5 /* cat.jpeg */,
				341ADB2A1F5E40250055B1C5 /* Default-568h@2x.png */,
				341ADB2B1F5E40250055B1C5 /* Default.png */,
				341ADB2C1F5E40250055B1C5 /* Default@2x.png */,
				341ADB2D1F5E40250055B1C5 /* fuzzyBorder.png */,
				341ADB2E1F5E40250055B1C5 /* glasses.png */,
				341ADB2F1F5E40250055B1C5 /* lena.png */,
				341ADB301F5E40250055B1C5 /* meinv.jpg */,
				341ADB311F5E40250055B1C5 /* mustache.png */,
				341ADB321F5E40250055B1C5 /* scratches.png */,
				341ADB331F5E40250055B1C5 /* text.png */,
				341ADB341F5E40250055B1C5 /* texture.jpg */,
			);
			path = Imgs;
			sourceTree = "<group>";
		};
		341ADB411F5E40710055B1C5 /* haa */ = {
			isa = PBXGroup;
			children = (
				341ADB421F5E40710055B1C5 /* haarcascade_frontalface_alt.xml */,
				341ADB431F5E40710055B1C5 /* haarcascade_frontalface_alt2.xml */,
				341ADB441F5E40710055B1C5 /* haarcascade_mcs_eyepair_big.xml */,
				341ADB451F5E40710055B1C5 /* haarcascade_mcs_mouth.xml */,
				341ADB4A1F5E40A00055B1C5 /* lbpcascade_frontalface.xml */,
			);
			path = haa;
			sourceTree = "<group>";
		};
		341ADB4C1F5F86D00055B1C5 /* PopViews */ = {
			isa = PBXGroup;
			children = (
				341ADB4D1F5F87870055B1C5 /* SlidersView.h */,
				341ADB4E1F5F87870055B1C5 /* SlidersView.m */,
				341ADB5D1F5FB0920055B1C5 /* SlidersView.xib */,
				341ADB5A1F5F9BDD0055B1C5 /* SlidersViewCell.h */,
				341ADB5B1F5F9BDD0055B1C5 /* SlidersViewCell.m */,
				341ADB5F1F5FB7960055B1C5 /* SlidersViewCell.xib */,
				341DF0451F644CF70000DFEB /* OpencvCameraViewVC.h */,
				341DF0461F644CF70000DFEB /* OpencvCameraViewVC.mm */,
				341DF0471F644CF70000DFEB /* OpencvCameraViewVC.xib */,
				341DF04B1F64FBD30000DFEB /* OpencvVideoCameraVC.h */,
				341DF04C1F64FBD30000DFEB /* OpencvVideoCameraVC.mm */,
				341DF04D1F64FBD30000DFEB /* OpencvVideoCameraVC.xib */,
			);
			path = PopViews;
			sourceTree = "<group>";
		};
		341ADB501F5F9B580055B1C5 /* Base */ = {
			isa = PBXGroup;
			children = (
				341ADB541F5F9B7D0055B1C5 /* ViewController.h */,
				341ADB551F5F9B7D0055B1C5 /* ViewController.mm */,
				341ADB511F5F9B580055B1C5 /* BaseViewController.h */,
				341ADB521F5F9B580055B1C5 /* BaseViewController.m */,
				341ADB651F5FD9B10055B1C5 /* BaseView.h */,
				341ADB661F5FD9B10055B1C5 /* BaseView.m */,
				341ADB571F5F9BAF0055B1C5 /* BaseTableViewCell.h */,
				341ADB581F5F9BAF0055B1C5 /* BaseTableViewCell.m */,
			);
			path = Base;
			sourceTree = "<group>";
		};
		341ADB611F5FBB290055B1C5 /* categorys */ = {
			isa = PBXGroup;
			children = (
				341ADB621F5FBB290055B1C5 /* Common.h */,
				341ADB631F5FBB290055B1C5 /* Common.m */,
			);
			path = categorys;
			sourceTree = "<group>";
		};
		345A2EDB1F639762005E216D /* CPPTools */ = {
			isa = PBXGroup;
			children = (
				345A2EDF1F639D47005E216D /* CPPTools.h */,
				345A2EE01F639D47005E216D /* CPPTools.mm */,
				345A2EDC1F639762005E216D /* PostcardPrinter.cpp */,
				345A2EDD1F639762005E216D /* PostcardPrinter.hpp */,
				341AA2101F63D51600BC5F40 /* ImagePickerTool.h */,
				341AA2111F63D51600BC5F40 /* ImagePickerTool.m */,
				341DF0361F642BBE0000DFEB /* RetroFilter.cpp */,
				341DF0371F642BBE0000DFEB /* RetroFilter.hpp */,
				341DF05A1F6540C60000DFEB /* FaceAnimator.cpp */,
				341DF05B1F6540C60000DFEB /* FaceAnimator.hpp */,
				341DF05C1F6540C60000DFEB /* Processing.cpp */,
				341DF05D1F6540C60000DFEB /* Processing.hpp */,
				341DF0601F6541020000DFEB /* Processing_Accelerate.cpp */,
				341DF0621F65412E0000DFEB /* Processing_NEON.cpp */,
			);
			path = CPPTools;
			sourceTree = "<group>";
		};
		AF4C59551F47DF93007F97F9 = {
			isa = PBXGroup;
			children = (
				AF4C59601F47DF93007F97F9 /* opencvioswxl */,
				AF4C597A1F47DF93007F97F9 /* opencvioswxlTests */,
				AF4C59851F47DF93007F97F9 /* opencvioswxlUITests */,
				AF4C595F1F47DF93007F97F9 /* Products */,
				270C0002A6A7DE48CE5FDA3E /* Pods */,
				D9CE47F04B78FEC362F9578C /* Frameworks */,
			);
			sourceTree = "<group>";
		};
		AF4C595F1F47DF93007F97F9 /* Products */ = {
			isa = PBXGroup;
			children = (
				AF4C595E1F47DF93007F97F9 /* opencvioswxl.app */,
				AF4C59771F47DF93007F97F9 /* opencvioswxlTests.xctest */,
				AF4C59821F47DF93007F97F9 /* opencvioswxlUITests.xctest */,
			);
			name = Products;
			sourceTree = "<group>";
		};
		AF4C59601F47DF93007F97F9 /* opencvioswxl */ = {
			isa = PBXGroup;
			children = (
				AF4C59641F47DF93007F97F9 /* AppDelegate.h */,
				AF4C59651F47DF93007F97F9 /* AppDelegate.m */,
				0415CAF4219D0FAE00DCCEF1 /* Root.storyboard */,
				0415CAF6219D13DF00DCCEF1 /* VC */,
				345A2EDB1F639762005E216D /* CPPTools */,
				341ADB501F5F9B580055B1C5 /* Base */,
				341ADB201F5E3C620055B1C5 /* NewVC */,
				341ADB4C1F5F86D00055B1C5 /* PopViews */,
				341ADB611F5FBB290055B1C5 /* categorys */,
				AFF487BE1F4BDDC000AC4A63 /* UIImage Cat */,
				AF4C59611F47DF93007F97F9 /* Supporting Files */,
				AF4C596D1F47DF93007F97F9 /* Assets.xcassets */,
				AF4C596A1F47DF93007F97F9 /* Main.storyboard */,
				AF4C596F1F47DF93007F97F9 /* LaunchScreen.storyboard */,
				AF4C59721F47DF93007F97F9 /* Info.plist */,
			);
			path = opencvioswxl;
			sourceTree = "<group>";
		};
		AF4C59611F47DF93007F97F9 /* Supporting Files */ = {
			isa = PBXGroup;
			children = (
				341ADB411F5E40710055B1C5 /* haa */,
				341ADB281F5E40250055B1C5 /* Imgs */,
				AF4C59951F47E39A007F97F9 /* note */,
				AF4C59621F47DF93007F97F9 /* main.m */,
				AF4C59941F47E0B1007F97F9 /* PrefixHeader.pch */,
			);
			name = "Supporting Files";
			sourceTree = "<group>";
		};
		AF4C597A1F47DF93007F97F9 /* opencvioswxlTests */ = {
			isa = PBXGroup;
			children = (
				AF4C597B1F47DF93007F97F9 /* opencvioswxlTests.m */,
				AF4C597D1F47DF93007F97F9 /* Info.plist */,
			);
			path = opencvioswxlTests;
			sourceTree = "<group>";
		};
		AF4C59851F47DF93007F97F9 /* opencvioswxlUITests */ = {
			isa = PBXGroup;
			children = (
				AF4C59861F47DF93007F97F9 /* opencvioswxlUITests.m */,
				AF4C59881F47DF93007F97F9 /* Info.plist */,
			);
			path = opencvioswxlUITests;
			sourceTree = "<group>";
		};
		AF4C59951F47E39A007F97F9 /* note */ = {
			isa = PBXGroup;
			children = (
				AF4C59961F47E39A007F97F9 /* 1、初始化项目 */,
				AF4C59981F47E3E1007F97F9 /* 2、编译C++库 */,
				AFC54D891F4C1B3700F9A407 /* 3、脸部识别 */,
				AF4B41A51F5070350064287B /* 4、使用opencv相机 */,
				34C48C6B1F5269EB00000373 /* 5、从头开始，死磕一天 */,
				3412AF551F54FEDE00AD918B /* 6、教程实例跑完，总结 */,
				34C72F961F5D9375009AD3E1 /* 7、小结 */,
				34C72F971F5D9375009AD3E1 /* 8、opencv的python教程总结 */,
				341ADB681F604B820055B1C5 /* 9、opencv的C++教程 */,
				34B8A2F51F6930D10071DC0C /* 10、opencv与机器学习 */,
			);
			path = note;
			sourceTree = "<group>";
		};
		AFF487BE1F4BDDC000AC4A63 /* UIImage Cat */ = {
			isa = PBXGroup;
			children = (
				AFF487BF1F4BDDC000AC4A63 /* UIColor+HexRepresentation.h */,
				AFF487C01F4BDDC000AC4A63 /* UIColor+HexRepresentation.m */,
				AFF487C11F4BDDC000AC4A63 /* UIImage+fixOrientation.h */,
				AFF487C21F4BDDC000AC4A63 /* UIImage+fixOrientation.m */,
				AFF487C31F4BDDC000AC4A63 /* UIImageView+ContentFrame.h */,
				AFF487C41F4BDDC000AC4A63 /* UIImageView+ContentFrame.m */,
			);
			path = "UIImage Cat";
			sourceTree = "<group>";
		};
		D9CE47F04B78FEC362F9578C /* Frameworks */ = {
			isa = PBXGroup;
			children = (
				AF30FC691F513D95001F2425 /* CoreMedia.framework */,
				AF30FC671F513D87001F2425 /* AssetsLibrary.framework */,
				AF30FC651F513D78001F2425 /* CoreVideo.framework */,
				6EF0E0E419CE713DC99358F8 /* libPods-opencvioswxl.a */,
			);
			name = Frameworks;
			sourceTree = "<group>";
		};
/* End PBXGroup section */

/* Begin PBXNativeTarget section */
		AF4C595D1F47DF93007F97F9 /* opencvioswxl */ = {
			isa = PBXNativeTarget;
			buildConfigurationList = AF4C598B1F47DF93007F97F9 /* Build configuration list for PBXNativeTarget "opencvioswxl" */;
			buildPhases = (
				7EDB5C9A2A694F03BB0B1EE7 /* [CP] Check Pods Manifest.lock */,
				AF4C595A1F47DF93007F97F9 /* Sources */,
				AF4C595B1F47DF93007F97F9 /* Frameworks */,
				AF4C595C1F47DF93007F97F9 /* Resources */,
			);
			buildRules = (
			);
			dependencies = (
			);
			name = opencvioswxl;
			productName = opencvioswxl;
			productReference = AF4C595E1F47DF93007F97F9 /* opencvioswxl.app */;
			productType = "com.apple.product-type.application";
		};
		AF4C59761F47DF93007F97F9 /* opencvioswxlTests */ = {
			isa = PBXNativeTarget;
			buildConfigurationList = AF4C598E1F47DF93007F97F9 /* Build configuration list for PBXNativeTarget "opencvioswxlTests" */;
			buildPhases = (
				AF4C59731F47DF93007F97F9 /* Sources */,
				AF4C59741F47DF93007F97F9 /* Frameworks */,
				AF4C59751F47DF93007F97F9 /* Resources */,
			);
			buildRules = (
			);
			dependencies = (
				AF4C59791F47DF93007F97F9 /* PBXTargetDependency */,
			);
			name = opencvioswxlTests;
			productName = opencvioswxlTests;
			productReference = AF4C59771F47DF93007F97F9 /* opencvioswxlTests.xctest */;
			productType = "com.apple.product-type.bundle.unit-test";
		};
		AF4C59811F47DF93007F97F9 /* opencvioswxlUITests */ = {
			isa = PBXNativeTarget;
			buildConfigurationList = AF4C59911F47DF93007F97F9 /* Build configuration list for PBXNativeTarget "opencvioswxlUITests" */;
			buildPhases = (
				AF4C597E1F47DF93007F97F9 /* Sources */,
				AF4C597F1F47DF93007F97F9 /* Frameworks */,
				AF4C59801F47DF93007F97F9 /* Resources */,
			);
			buildRules = (
			);
			dependencies = (
				AF4C59841F47DF93007F97F9 /* PBXTargetDependency */,
			);
			name = opencvioswxlUITests;
			productName = opencvioswxlUITests;
			productReference = AF4C59821F47DF93007F97F9 /* opencvioswxlUITests.xctest */;
			productType = "com.apple.product-type.bundle.ui-testing";
		};
/* End PBXNativeTarget section */

/* Begin PBXProject section */
		AF4C59561F47DF93007F97F9 /* Project object */ = {
			isa = PBXProject;
			attributes = {
				LastUpgradeCheck = 0830;
				ORGANIZATIONNAME = mjwz5294;
				TargetAttributes = {
					AF4C595D1F47DF93007F97F9 = {
						CreatedOnToolsVersion = 8.3.3;
						DevelopmentTeam = TU5QH7P4TH;
						ProvisioningStyle = Automatic;
					};
					AF4C59761F47DF93007F97F9 = {
						CreatedOnToolsVersion = 8.3.3;
						DevelopmentTeam = TU5QH7P4TH;
						ProvisioningStyle = Automatic;
						TestTargetID = AF4C595D1F47DF93007F97F9;
					};
					AF4C59811F47DF93007F97F9 = {
						CreatedOnToolsVersion = 8.3.3;
						DevelopmentTeam = TU5QH7P4TH;
						ProvisioningStyle = Automatic;
						TestTargetID = AF4C595D1F47DF93007F97F9;
					};
				};
			};
			buildConfigurationList = AF4C59591F47DF93007F97F9 /* Build configuration list for PBXProject "opencvioswxl" */;
			compatibilityVersion = "Xcode 3.2";
			developmentRegion = English;
			hasScannedForEncodings = 0;
			knownRegions = (
				en,
				Base,
			);
			mainGroup = AF4C59551F47DF93007F97F9;
			productRefGroup = AF4C595F1F47DF93007F97F9 /* Products */;
			projectDirPath = "";
			projectRoot = "";
			targets = (
				AF4C595D1F47DF93007F97F9 /* opencvioswxl */,
				AF4C59761F47DF93007F97F9 /* opencvioswxlTests */,
				AF4C59811F47DF93007F97F9 /* opencvioswxlUITests */,
			);
		};
/* End PBXProject section */

/* Begin PBXResourcesBuildPhase section */
		AF4C595C1F47DF93007F97F9 /* Resources */ = {
			isa = PBXResourcesBuildPhase;
			buildActionMask = 2147483647;
			files = (
				3412AF561F54FEDE00AD918B /* 6、教程实例跑完，总结 in Resources */,
				341ADB3F1F5E40250055B1C5 /* text.png in Resources */,
				AF4C59711F47DF93007F97F9 /* LaunchScreen.storyboard in Resources */,
				34C72F981F5D9375009AD3E1 /* 7、小结 in Resources */,
				AF4C596E1F47DF93007F97F9 /* Assets.xcassets in Resources */,
				341ADB711F62E8190055B1C5 /* circle.jpeg in Resources */,
				AF4B41A61F5070350064287B /* 4、使用opencv相机 in Resources */,
				AFC54D8A1F4C1B3700F9A407 /* 3、脸部识别 in Resources */,
				341ADB391F5E40250055B1C5 /* fuzzyBorder.png in Resources */,
				AF4C59971F47E39A007F97F9 /* 1、初始化项目 in Resources */,
				341ADB6D1F62DE180055B1C5 /* building.jpg in Resources */,
				341ADB6F1F62E6B70055B1C5 /* slam.jpeg in Resources */,
				341ADB481F5E40710055B1C5 /* haarcascade_mcs_eyepair_big.xml in Resources */,
				341ADB371F5E40250055B1C5 /* Default.png in Resources */,
				0415CAF5219D0FAE00DCCEF1 /* Root.storyboard in Resources */,
				341ADB3B1F5E40250055B1C5 /* lena.png in Resources */,
				341ADB401F5E40250055B1C5 /* texture.jpg in Resources */,
				341ADB491F5E40710055B1C5 /* haarcascade_mcs_mouth.xml in Resources */,
				341ADB381F5E40250055B1C5 /* Default@2x.png in Resources */,
				341ADB4B1F5E40A00055B1C5 /* lbpcascade_frontalface.xml in Resources */,
				341ADB5E1F5FB0920055B1C5 /* SlidersView.xib in Resources */,
				341ADB471F5E40710055B1C5 /* haarcascade_frontalface_alt2.xml in Resources */,
				341ADB3C1F5E40250055B1C5 /* meinv.jpg in Resources */,
				341ADB361F5E40250055B1C5 /* Default-568h@2x.png in Resources */,
				34C48C6C1F5269EB00000373 /* 5、从头开始，死磕一天 in Resources */,
				341DF04F1F64FBD30000DFEB /* OpencvVideoCameraVC.xib in Resources */,
				341ADB3E1F5E40250055B1C5 /* scratches.png in Resources */,
				341ADB3D1F5E40250055B1C5 /* mustache.png in Resources */,
				AF4C59991F47E3E1007F97F9 /* 2、编译C++库 in Resources */,
				341ADB461F5E40710055B1C5 /* haarcascade_frontalface_alt.xml in Resources */,
				341DF0491F644CF70000DFEB /* OpencvCameraViewVC.xib in Resources */,
				34C72F991F5D9375009AD3E1 /* 8、opencv的python教程总结 in Resources */,
				AF4C596C1F47DF93007F97F9 /* Main.storyboard in Resources */,
				341ADB691F604B820055B1C5 /* 9、opencv的C++教程 in Resources */,
				34B8A2F61F6930D10071DC0C /* 10、opencv与机器学习 in Resources */,
				341ADB3A1F5E40250055B1C5 /* glasses.png in Resources */,
				341ADB351F5E40250055B1C5 /* cat.jpeg in Resources */,
				341ADB601F5FB7960055B1C5 /* SlidersViewCell.xib in Resources */,
			);
			runOnlyForDeploymentPostprocessing = 0;
		};
		AF4C59751F47DF93007F97F9 /* Resources */ = {
			isa = PBXResourcesBuildPhase;
			buildActionMask = 2147483647;
			files = (
			);
			runOnlyForDeploymentPostprocessing = 0;
		};
		AF4C59801F47DF93007F97F9 /* Resources */ = {
			isa = PBXResourcesBuildPhase;
			buildActionMask = 2147483647;
			files = (
			);
			runOnlyForDeploymentPostprocessing = 0;
		};
/* End PBXResourcesBuildPhase section */

/* Begin PBXShellScriptBuildPhase section */
		7EDB5C9A2A694F03BB0B1EE7 /* [CP] Check Pods Manifest.lock */ = {
			isa = PBXShellScriptBuildPhase;
			buildActionMask = 2147483647;
			files = (
			);
			inputPaths = (
				"${PODS_PODFILE_DIR_PATH}/Podfile.lock",
				"${PODS_ROOT}/Manifest.lock",
			);
			name = "[CP] Check Pods Manifest.lock";
			outputPaths = (
				"$(DERIVED_FILE_DIR)/Pods-opencvioswxl-checkManifestLockResult.txt",
			);
			runOnlyForDeploymentPostprocessing = 0;
			shellPath = /bin/sh;
			shellScript = "diff \"${PODS_PODFILE_DIR_PATH}/Podfile.lock\" \"${PODS_ROOT}/Manifest.lock\" > /dev/null\nif [ $? != 0 ] ; then\n    # print error to STDERR\n    echo \"error: The sandbox is not in sync with the Podfile.lock. Run 'pod install' or update your CocoaPods installation.\" >&2\n    exit 1\nfi\n# This output is used by Xcode 'outputs' to avoid re-running this script phase.\necho \"SUCCESS\" > \"${SCRIPT_OUTPUT_FILE_0}\"\n";
			showEnvVarsInLog = 0;
		};
/* End PBXShellScriptBuildPhase section */

/* Begin PBXSourcesBuildPhase section */
		AF4C595A1F47DF93007F97F9 /* Sources */ = {
			isa = PBXSourcesBuildPhase;
			buildActionMask = 2147483647;
			files = (
				0415CB02219D197300DCCEF1 /* UserViewController.m in Sources */,
				341ADB561F5F9B7D0055B1C5 /* ViewController.mm in Sources */,
				341ADB531F5F9B580055B1C5 /* BaseViewController.m in Sources */,
				0415CAF9219D140800DCCEF1 /* RootViewController.m in Sources */,
				AFF487C61F4BDDC000AC4A63 /* UIImage+fixOrientation.m in Sources */,
				AFF487C71F4BDDC000AC4A63 /* UIImageView+ContentFrame.m in Sources */,
				341DF0631F65412E0000DFEB /* Processing_NEON.cpp in Sources */,
				345A2EDE1F639762005E216D /* PostcardPrinter.cpp in Sources */,
				AF4C59661F47DF93007F97F9 /* AppDelegate.m in Sources */,
				341DF0381F642BBE0000DFEB /* RetroFilter.cpp in Sources */,
				0415CAFF219D194200DCCEF1 /* CameraViewController.mm in Sources */,
				341DF04E1F64FBD30000DFEB /* OpencvVideoCameraVC.mm in Sources */,
				AFF487C51F4BDDC000AC4A63 /* UIColor+HexRepresentation.m in Sources */,
				341DF0611F6541020000DFEB /* Processing_Accelerate.cpp in Sources */,
				341ADB5C1F5F9BDD0055B1C5 /* SlidersViewCell.m in Sources */,
				0415CAFC219D149800DCCEF1 /* AdViewController.m in Sources */,
				341ADB591F5F9BAF0055B1C5 /* BaseTableViewCell.m in Sources */,
				341DF05F1F6540C60000DFEB /* Processing.cpp in Sources */,
				341DF05E1F6540C60000DFEB /* FaceAnimator.cpp in Sources */,
				341AA2121F63D51600BC5F40 /* ImagePickerTool.m in Sources */,
				0415CB05219D197E00DCCEF1 /* ShopViewController.m in Sources */,
				341ADB231F5E3C620055B1C5 /* ShowImgVC.mm in Sources */,
				341ADB641F5FBB290055B1C5 /* Common.m in Sources */,
				345A2EE11F639D47005E216D /* CPPTools.mm in Sources */,
				341ADB671F5FD9B10055B1C5 /* BaseView.m in Sources */,
				341ADB4F1F5F87870055B1C5 /* SlidersView.m in Sources */,
				341DF0481F644CF70000DFEB /* OpencvCameraViewVC.mm in Sources */,
				AF4C59631F47DF93007F97F9 /* main.m in Sources */,
			);
			runOnlyForDeploymentPostprocessing = 0;
		};
		AF4C59731F47DF93007F97F9 /* Sources */ = {
			isa = PBXSourcesBuildPhase;
			buildActionMask = 2147483647;
			files = (
				AF4C597C1F47DF93007F97F9 /* opencvioswxlTests.m in Sources */,
			);
			runOnlyForDeploymentPostprocessing = 0;
		};
		AF4C597E1F47DF93007F97F9 /* Sources */ = {
			isa = PBXSourcesBuildPhase;
			buildActionMask = 2147483647;
			files = (
				AF4C59871F47DF93007F97F9 /* opencvioswxlUITests.m in Sources */,
			);
			runOnlyForDeploymentPostprocessing = 0;
		};
/* End PBXSourcesBuildPhase section */

/* Begin PBXTargetDependency section */
		AF4C59791F47DF93007F97F9 /* PBXTargetDependency */ = {
			isa = PBXTargetDependency;
			target = AF4C595D1F47DF93007F97F9 /* opencvioswxl */;
			targetProxy = AF4C59781F47DF93007F97F9 /* PBXContainerItemProxy */;
		};
		AF4C59841F47DF93007F97F9 /* PBXTargetDependency */ = {
			isa = PBXTargetDependency;
			target = AF4C595D1F47DF93007F97F9 /* opencvioswxl */;
			targetProxy = AF4C59831F47DF93007F97F9 /* PBXContainerItemProxy */;
		};
/* End PBXTargetDependency section */

/* Begin PBXVariantGroup section */
		AF4C596A1F47DF93007F97F9 /* Main.storyboard */ = {
			isa = PBXVariantGroup;
			children = (
				AF4C596B1F47DF93007F97F9 /* Base */,
			);
			name = Main.storyboard;
			sourceTree = "<group>";
		};
		AF4C596F1F47DF93007F97F9 /* LaunchScreen.storyboard */ = {
			isa = PBXVariantGroup;
			children = (
				AF4C59701F47DF93007F97F9 /* Base */,
			);
			name = LaunchScreen.storyboard;
			sourceTree = "<group>";
		};
/* End PBXVariantGroup section */

/* Begin XCBuildConfiguration section */
		AF4C59891F47DF93007F97F9 /* Debug */ = {
			isa = XCBuildConfiguration;
			buildSettings = {
				ALWAYS_SEARCH_USER_PATHS = NO;
				CLANG_ANALYZER_NONNULL = YES;
				CLANG_ANALYZER_NUMBER_OBJECT_CONVERSION = YES_AGGRESSIVE;
				CLANG_CXX_LANGUAGE_STANDARD = "gnu++0x";
				CLANG_CXX_LIBRARY = "libc++";
				CLANG_ENABLE_MODULES = YES;
				CLANG_ENABLE_OBJC_ARC = YES;
				CLANG_WARN_BOOL_CONVERSION = YES;
				CLANG_WARN_CONSTANT_CONVERSION = YES;
				CLANG_WARN_DIRECT_OBJC_ISA_USAGE = YES_ERROR;
				CLANG_WARN_DOCUMENTATION_COMMENTS = YES;
				CLANG_WARN_EMPTY_BODY = YES;
				CLANG_WARN_ENUM_CONVERSION = YES;
				CLANG_WARN_INFINITE_RECURSION = YES;
				CLANG_WARN_INT_CONVERSION = YES;
				CLANG_WARN_OBJC_ROOT_CLASS = YES_ERROR;
				CLANG_WARN_SUSPICIOUS_MOVE = YES;
				CLANG_WARN_UNREACHABLE_CODE = YES;
				CLANG_WARN__DUPLICATE_METHOD_MATCH = YES;
				"CODE_SIGN_IDENTITY[sdk=iphoneos*]" = "iPhone Developer";
				COPY_PHASE_STRIP = NO;
				DEBUG_INFORMATION_FORMAT = dwarf;
				ENABLE_STRICT_OBJC_MSGSEND = YES;
				ENABLE_TESTABILITY = YES;
				GCC_C_LANGUAGE_STANDARD = gnu99;
				GCC_DYNAMIC_NO_PIC = NO;
				GCC_NO_COMMON_BLOCKS = YES;
				GCC_OPTIMIZATION_LEVEL = 0;
				GCC_PREPROCESSOR_DEFINITIONS = (
					"DEBUG=1",
					"$(inherited)",
				);
				GCC_WARN_64_TO_32_BIT_CONVERSION = YES;
				GCC_WARN_ABOUT_RETURN_TYPE = YES_ERROR;
				GCC_WARN_UNDECLARED_SELECTOR = YES;
				GCC_WARN_UNINITIALIZED_AUTOS = YES_AGGRESSIVE;
				GCC_WARN_UNUSED_FUNCTION = YES;
				GCC_WARN_UNUSED_VARIABLE = YES;
				IPHONEOS_DEPLOYMENT_TARGET = 10.3;
				MTL_ENABLE_DEBUG_INFO = YES;
				ONLY_ACTIVE_ARCH = YES;
				SDKROOT = iphoneos;
			};
			name = Debug;
		};
		AF4C598A1F47DF93007F97F9 /* Release */ = {
			isa = XCBuildConfiguration;
			buildSettings = {
				ALWAYS_SEARCH_USER_PATHS = NO;
				CLANG_ANALYZER_NONNULL = YES;
				CLANG_ANALYZER_NUMBER_OBJECT_CONVERSION = YES_AGGRESSIVE;
				CLANG_CXX_LANGUAGE_STANDARD = "gnu++0x";
				CLANG_CXX_LIBRARY = "libc++";
				CLANG_ENABLE_MODULES = YES;
				CLANG_ENABLE_OBJC_ARC = YES;
				CLANG_WARN_BOOL_CONVERSION = YES;
				CLANG_WARN_CONSTANT_CONVERSION = YES;
				CLANG_WARN_DIRECT_OBJC_ISA_USAGE = YES_ERROR;
				CLANG_WARN_DOCUMENTATION_COMMENTS = YES;
				CLANG_WARN_EMPTY_BODY = YES;
				CLANG_WARN_ENUM_CONVERSION = YES;
				CLANG_WARN_INFINITE_RECURSION = YES;
				CLANG_WARN_INT_CONVERSION = YES;
				CLANG_WARN_OBJC_ROOT_CLASS = YES_ERROR;
				CLANG_WARN_SUSPICIOUS_MOVE = YES;
				CLANG_WARN_UNREACHABLE_CODE = YES;
				CLANG_WARN__DUPLICATE_METHOD_MATCH = YES;
				"CODE_SIGN_IDENTITY[sdk=iphoneos*]" = "iPhone Developer";
				COPY_PHASE_STRIP = NO;
				DEBUG_INFORMATION_FORMAT = "dwarf-with-dsym";
				ENABLE_NS_ASSERTIONS = NO;
				ENABLE_STRICT_OBJC_MSGSEND = YES;
				GCC_C_LANGUAGE_STANDARD = gnu99;
				GCC_NO_COMMON_BLOCKS = YES;
				GCC_WARN_64_TO_32_BIT_CONVERSION = YES;
				GCC_WARN_ABOUT_RETURN_TYPE = YES_ERROR;
				GCC_WARN_UNDECLARED_SELECTOR = YES;
				GCC_WARN_UNINITIALIZED_AUTOS = YES_AGGRESSIVE;
				GCC_WARN_UNUSED_FUNCTION = YES;
				GCC_WARN_UNUSED_VARIABLE = YES;
				IPHONEOS_DEPLOYMENT_TARGET = 10.3;
				MTL_ENABLE_DEBUG_INFO = NO;
				SDKROOT = iphoneos;
				VALIDATE_PRODUCT = YES;
			};
			name = Release;
		};
		AF4C598C1F47DF93007F97F9 /* Debug */ = {
			isa = XCBuildConfiguration;
			baseConfigurationReference = E41A1175DF31519FA425E353 /* Pods-opencvioswxl.debug.xcconfig */;
			buildSettings = {
				ASSETCATALOG_COMPILER_APPICON_NAME = AppIcon;
				DEVELOPMENT_TEAM = TU5QH7P4TH;
				ENABLE_BITCODE = NO;
				GCC_PRECOMPILE_PREFIX_HEADER = YES;
				GCC_PREFIX_HEADER = "$(SRCROOT)/opencvioswxl/PrefixHeader.pch";
				INFOPLIST_FILE = opencvioswxl/Info.plist;
				IPHONEOS_DEPLOYMENT_TARGET = 9.3;
				LD_RUNPATH_SEARCH_PATHS = "$(inherited) @executable_path/Frameworks";
				PRODUCT_BUNDLE_IDENTIFIER = mjwz5294.opencvioswxl;
				PRODUCT_NAME = "$(TARGET_NAME)";
			};
			name = Debug;
		};
		AF4C598D1F47DF93007F97F9 /* Release */ = {
			isa = XCBuildConfiguration;
			baseConfigurationReference = 28A02051932DD99EB4F37BCA /* Pods-opencvioswxl.release.xcconfig */;
			buildSettings = {
				ASSETCATALOG_COMPILER_APPICON_NAME = AppIcon;
				DEVELOPMENT_TEAM = TU5QH7P4TH;
				ENABLE_BITCODE = NO;
				GCC_PRECOMPILE_PREFIX_HEADER = YES;
				GCC_PREFIX_HEADER = "$(SRCROOT)/opencvioswxl/PrefixHeader.pch";
				INFOPLIST_FILE = opencvioswxl/Info.plist;
				IPHONEOS_DEPLOYMENT_TARGET = 9.3;
				LD_RUNPATH_SEARCH_PATHS = "$(inherited) @executable_path/Frameworks";
				PRODUCT_BUNDLE_IDENTIFIER = mjwz5294.opencvioswxl;
				PRODUCT_NAME = "$(TARGET_NAME)";
			};
			name = Release;
		};
		AF4C598F1F47DF93007F97F9 /* Debug */ = {
			isa = XCBuildConfiguration;
			buildSettings = {
				BUNDLE_LOADER = "$(TEST_HOST)";
				DEVELOPMENT_TEAM = TU5QH7P4TH;
				INFOPLIST_FILE = opencvioswxlTests/Info.plist;
				LD_RUNPATH_SEARCH_PATHS = "$(inherited) @executable_path/Frameworks @loader_path/Frameworks";
				PRODUCT_BUNDLE_IDENTIFIER = mjwz5294.opencvioswxlTests;
				PRODUCT_NAME = "$(TARGET_NAME)";
				TEST_HOST = "$(BUILT_PRODUCTS_DIR)/opencvioswxl.app/opencvioswxl";
			};
			name = Debug;
		};
		AF4C59901F47DF93007F97F9 /* Release */ = {
			isa = XCBuildConfiguration;
			buildSettings = {
				BUNDLE_LOADER = "$(TEST_HOST)";
				DEVELOPMENT_TEAM = TU5QH7P4TH;
				INFOPLIST_FILE = opencvioswxlTests/Info.plist;
				LD_RUNPATH_SEARCH_PATHS = "$(inherited) @executable_path/Frameworks @loader_path/Frameworks";
				PRODUCT_BUNDLE_IDENTIFIER = mjwz5294.opencvioswxlTests;
				PRODUCT_NAME = "$(TARGET_NAME)";
				TEST_HOST = "$(BUILT_PRODUCTS_DIR)/opencvioswxl.app/opencvioswxl";
			};
			name = Release;
		};
		AF4C59921F47DF93007F97F9 /* Debug */ = {
			isa = XCBuildConfiguration;
			buildSettings = {
				DEVELOPMENT_TEAM = TU5QH7P4TH;
				INFOPLIST_FILE = opencvioswxlUITests/Info.plist;
				LD_RUNPATH_SEARCH_PATHS = "$(inherited) @executable_path/Frameworks @loader_path/Frameworks";
				PRODUCT_BUNDLE_IDENTIFIER = mjwz5294.opencvioswxlUITests;
				PRODUCT_NAME = "$(TARGET_NAME)";
				TEST_TARGET_NAME = opencvioswxl;
			};
			name = Debug;
		};
		AF4C59931F47DF93007F97F9 /* Release */ = {
			isa = XCBuildConfiguration;
			buildSettings = {
				DEVELOPMENT_TEAM = TU5QH7P4TH;
				INFOPLIST_FILE = opencvioswxlUITests/Info.plist;
				LD_RUNPATH_SEARCH_PATHS = "$(inherited) @executable_path/Frameworks @loader_path/Frameworks";
				PRODUCT_BUNDLE_IDENTIFIER = mjwz5294.opencvioswxlUITests;
				PRODUCT_NAME = "$(TARGET_NAME)";
				TEST_TARGET_NAME = opencvioswxl;
			};
			name = Release;
		};
/* End XCBuildConfiguration section */

/* Begin XCConfigurationList section */
		AF4C59591F47DF93007F97F9 /* Build configuration list for PBXProject "opencvioswxl" */ = {
			isa = XCConfigurationList;
			buildConfigurations = (
				AF4C59891F47DF93007F97F9 /* Debug */,
				AF4C598A1F47DF93007F97F9 /* Release */,
			);
			defaultConfigurationIsVisible = 0;
			defaultConfigurationName = Release;
		};
		AF4C598B1F47DF93007F97F9 /* Build configuration list for PBXNativeTarget "opencvioswxl" */ = {
			isa = XCConfigurationList;
			buildConfigurations = (
				AF4C598C1F47DF93007F97F9 /* Debug */,
				AF4C598D1F47DF93007F97F9 /* Release */,
			);
			defaultConfigurationIsVisible = 0;
			defaultConfigurationName = Release;
		};
		AF4C598E1F47DF93007F97F9 /* Build configuration list for PBXNativeTarget "opencvioswxlTests" */ = {
			isa = XCConfigurationList;
			buildConfigurations = (
				AF4C598F1F47DF93007F97F9 /* Debug */,
				AF4C59901F47DF93007F97F9 /* Release */,
			);
			defaultConfigurationIsVisible = 0;
			defaultConfigurationName = Release;
		};
		AF4C59911F47DF93007F97F9 /* Build configuration list for PBXNativeTarget "opencvioswxlUITests" */ = {
			isa = XCConfigurationList;
			buildConfigurations = (
				AF4C59921F47DF93007F97F9 /* Debug */,
				AF4C59931F47DF93007F97F9 /* Release */,
			);
			defaultConfigurationIsVisible = 0;
			defaultConfigurationName = Release;
		};
/* End XCConfigurationList section */
	};
	rootObject = AF4C59561F47DF93007F97F9 /* Project object */;
}
